# THIS IS AN AUTOGENERATED FILE. DO NOT EDIT THIS FILE DIRECTLY.
# yarn lockfile v1


"@gear-js/api@^0.43.0":
  version "0.43.0"
  resolved "https://registry.yarnpkg.com/@gear-js/api/-/api-0.43.0.tgz#89d251b3ec3a5fbbc27792b522d5da7b827ca694"
  integrity sha512-ihadIRb5/RSP1sVxvGUsULzzZAqucKhpAplYpwHdV9A8Qwx6nv7+JGrKlOGdcYXy/W5Xdvl83vE+duANlCNguA==

"@iden3/bigarray@0.0.2":
  version "0.0.2"
  resolved "https://registry.npmjs.org/@iden3/bigarray/-/bigarray-0.0.2.tgz"
  integrity sha512-Xzdyxqm1bOFF6pdIsiHLLl3HkSLjbhqJHVyqaTxXt3RqXBEnmsUmEW47H7VOi/ak7TdkRpNkxjyK5Zbkm+y52g==

"@iden3/binfileutils@0.0.12":
  version "0.0.12"
  resolved "https://registry.npmjs.org/@iden3/binfileutils/-/binfileutils-0.0.12.tgz"
  integrity sha512-naAmzuDufRIcoNfQ1d99d7hGHufLA3wZSibtr4dMe6ZeiOPV1KwOZWTJ1YVz4HbaWlpDuzVU72dS4ATQS4PXBQ==
  dependencies:
    fastfile "0.0.20"
    ffjavascript "^0.3.0"

"@noble/curves@^1.3.0":
  version "1.9.7"
  resolved "https://registry.npmjs.org/@noble/curves/-/curves-1.9.7.tgz"
  integrity sha512-gbKGcRUYIjA3/zCCNaWDciTMFI0dCkvou3TL8Zmy5Nc7sJ47a0jtOeZoTaMxkuqRo9cRhjOdZJXegxYE5FN/xw==
  dependencies:
    "@noble/hashes" "1.8.0"

"@noble/hashes@1.8.0", "@noble/hashes@^1.3.1", "@noble/hashes@^1.3.3", "@noble/hashes@^1.8.0":
  version "1.8.0"
  resolved "https://registry.npmjs.org/@noble/hashes/-/hashes-1.8.0.tgz"
  integrity sha512-jCs9ldd7NwzpgXDIf6P3+NrHh9/sD6CQdxHyjQI+h/6rDNo88ypBxxz45UDuZHz9r3tNz7N/VInSVoVdtXEI4A==

"@polkadot-api/json-rpc-provider-proxy@^0.1.0":
  version "0.1.0"
  resolved "https://registry.npmjs.org/@polkadot-api/json-rpc-provider-proxy/-/json-rpc-provider-proxy-0.1.0.tgz"
  integrity sha512-8GSFE5+EF73MCuLQm8tjrbCqlgclcHBSRaswvXziJ0ZW7iw3UEMsKkkKvELayWyBuOPa2T5i1nj6gFOeIsqvrg==

"@polkadot-api/json-rpc-provider@0.0.1", "@polkadot-api/json-rpc-provider@^0.0.1":
  version "0.0.1"
  resolved "https://registry.npmjs.org/@polkadot-api/json-rpc-provider/-/json-rpc-provider-0.0.1.tgz"
  integrity sha512-/SMC/l7foRjpykLTUTacIH05H3mr9ip8b5xxfwXlVezXrNVLp3Cv0GX6uItkKd+ZjzVPf3PFrDF2B2/HLSNESA==

"@polkadot-api/metadata-builders@0.3.2":
  version "0.3.2"
  resolved "https://registry.npmjs.org/@polkadot-api/metadata-builders/-/metadata-builders-0.3.2.tgz"
  integrity sha512-TKpfoT6vTb+513KDzMBTfCb/ORdgRnsS3TDFpOhAhZ08ikvK+hjHMt5plPiAX/OWkm1Wc9I3+K6W0hX5Ab7MVg==
  dependencies:
    "@polkadot-api/substrate-bindings" "0.6.0"
    "@polkadot-api/utils" "0.1.0"

"@polkadot-api/observable-client@^0.3.0":
  version "0.3.2"
  resolved "https://registry.npmjs.org/@polkadot-api/observable-client/-/observable-client-0.3.2.tgz"
  integrity sha512-HGgqWgEutVyOBXoGOPp4+IAq6CNdK/3MfQJmhCJb8YaJiaK4W6aRGrdQuQSTPHfERHCARt9BrOmEvTXAT257Ug==
  dependencies:
    "@polkadot-api/metadata-builders" "0.3.2"
    "@polkadot-api/substrate-bindings" "0.6.0"
    "@polkadot-api/utils" "0.1.0"

"@polkadot-api/substrate-bindings@0.6.0":
  version "0.6.0"
  resolved "https://registry.npmjs.org/@polkadot-api/substrate-bindings/-/substrate-bindings-0.6.0.tgz"
  integrity sha512-lGuhE74NA1/PqdN7fKFdE5C1gNYX357j1tWzdlPXI0kQ7h3kN0zfxNOpPUN7dIrPcOFZ6C0tRRVrBylXkI6xPw==
  dependencies:
    "@noble/hashes" "^1.3.1"
    "@polkadot-api/utils" "0.1.0"
    "@scure/base" "^1.1.1"
    scale-ts "^1.6.0"

"@polkadot-api/substrate-client@^0.1.2":
  version "0.1.4"
  resolved "https://registry.npmjs.org/@polkadot-api/substrate-client/-/substrate-client-0.1.4.tgz"
  integrity sha512-MljrPobN0ZWTpn++da9vOvt+Ex+NlqTlr/XT7zi9sqPtDJiQcYl+d29hFAgpaeTqbeQKZwz3WDE9xcEfLE8c5A==
  dependencies:
    "@polkadot-api/json-rpc-provider" "0.0.1"
    "@polkadot-api/utils" "0.1.0"

"@polkadot-api/utils@0.1.0":
  version "0.1.0"
  resolved "https://registry.npmjs.org/@polkadot-api/utils/-/utils-0.1.0.tgz"
  integrity sha512-MXzWZeuGxKizPx2Xf/47wx9sr/uxKw39bVJUptTJdsaQn/TGq+z310mHzf1RCGvC1diHM8f593KrnDgc9oNbJA==

"@polkadot/api-augment@16.4.5":
  version "16.4.5"
  resolved "https://registry.yarnpkg.com/@polkadot/api-augment/-/api-augment-16.4.5.tgz#8ff538947ca0f83949d8c2a3cb4d8a3d3096aad3"
  integrity sha512-efZwlTci+k734D6KbinK6lr9K3zqeAf0JJgjASXSKtW4bqhJr85llX2DqT+sfXRciiaSB3OIQCE0Js05Q1o6MA==
  dependencies:
    "@polkadot/api-base" "16.4.5"
    "@polkadot/rpc-augment" "16.4.5"
    "@polkadot/types" "16.4.5"
    "@polkadot/types-augment" "16.4.5"
    "@polkadot/types-codec" "16.4.5"
    "@polkadot/util" "^13.5.5"
    tslib "^2.8.1"

"@polkadot/api-base@16.4.5":
  version "16.4.5"
  resolved "https://registry.yarnpkg.com/@polkadot/api-base/-/api-base-16.4.5.tgz#0bd23c5c2d0f99fee193eaf6c6aea604499a93d5"
  integrity sha512-8HmTJuafvi3sa6ee2ul17M08RJlNK85Cm4Njsy5A8z7FmB1pfwlOG68QNZ5v+ny0mV6vJtB76FHHiA+qN+4/Cw==
  dependencies:
    "@polkadot/rpc-core" "16.4.5"
    "@polkadot/types" "16.4.5"
    "@polkadot/util" "^13.5.5"
    rxjs "^7.8.1"
    tslib "^2.8.1"

"@polkadot/api-derive@16.4.5":
  version "16.4.5"
  resolved "https://registry.yarnpkg.com/@polkadot/api-derive/-/api-derive-16.4.5.tgz#aa1a0094fb1748779964d473fedfd2c13ca69a60"
  integrity sha512-E+tqEAzwv4BptUZlbVGIHQEwEGQ6g2Vw4mj72KzlaFMDcb5l3rK0eDt1/kQR6krkDak8kc2agrRKymsPZ1CAZg==
  dependencies:
    "@polkadot/api" "16.4.5"
    "@polkadot/api-augment" "16.4.5"
    "@polkadot/api-base" "16.4.5"
    "@polkadot/rpc-core" "16.4.5"
    "@polkadot/types" "16.4.5"
    "@polkadot/types-codec" "16.4.5"
    "@polkadot/util" "^13.5.5"
    "@polkadot/util-crypto" "^13.5.5"
    rxjs "^7.8.1"
    tslib "^2.8.1"

"@polkadot/api@16.4.5", "@polkadot/api@^16.4.3":
  version "16.4.5"
  resolved "https://registry.yarnpkg.com/@polkadot/api/-/api-16.4.5.tgz#2a2823794779dd465c03456b86e1071d7d017820"
  integrity sha512-veu2c9aMh8+e+kluQzJsrPz0g8BGIQrRdsvxe0e3Vt7aLIKtQoTZcE3uDmcRCSqd2K7NQNdSux3dvNkWH1Ivzw==
  dependencies:
    "@polkadot/api-augment" "16.4.5"
    "@polkadot/api-base" "16.4.5"
    "@polkadot/api-derive" "16.4.5"
    "@polkadot/keyring" "^13.5.5"
    "@polkadot/rpc-augment" "16.4.5"
    "@polkadot/rpc-core" "16.4.5"
    "@polkadot/rpc-provider" "16.4.5"
    "@polkadot/types" "16.4.5"
    "@polkadot/types-augment" "16.4.5"
    "@polkadot/types-codec" "16.4.5"
    "@polkadot/types-create" "16.4.5"
    "@polkadot/types-known" "16.4.5"
    "@polkadot/util" "^13.5.5"
    "@polkadot/util-crypto" "^13.5.5"
    eventemitter3 "^5.0.1"
    rxjs "^7.8.1"
    tslib "^2.8.1"

"@polkadot/keyring@^13.5.5":
  version "13.5.5"
  resolved "https://registry.yarnpkg.com/@polkadot/keyring/-/keyring-13.5.5.tgz#1a1679f5a90fd1208d15108a07232f595e26bbf0"
  integrity sha512-ijk3nuol67CBvI5V2ruWC6M7VjapE/GyF4F3tk5yp+psEwC98UQjhX+ykzek+9CMSV0C/dTVBbHsmeFIfnWhVw==
  dependencies:
    "@polkadot/util" "13.5.5"
    "@polkadot/util-crypto" "13.5.5"
    tslib "^2.8.0"

"@polkadot/networks@13.5.5", "@polkadot/networks@^13.5.5":
  version "13.5.5"
  resolved "https://registry.npmjs.org/@polkadot/networks/-/networks-13.5.5.tgz"
  integrity sha512-gTaKVSDRxjNAQ/oFMA83DXOo8A+/LP4XePbEHxNCku/Ox5R3IYGKTeZhlHgYtUZvdZgK+miyroEyz1Eq6Z9p+Q==
  dependencies:
    "@polkadot/util" "13.5.5"
    "@substrate/ss58-registry" "^1.51.0"
    tslib "^2.8.0"

"@polkadot/rpc-augment@16.4.5":
  version "16.4.5"
  resolved "https://registry.yarnpkg.com/@polkadot/rpc-augment/-/rpc-augment-16.4.5.tgz#71b24b328ae97c488dd3e52611b59c670ed38b50"
  integrity sha512-qVu0dbA84Sh0k5LSSk3qToajo3GYVhTnTP6oD6cS+lYOMXxFo9Qg5tzvqTWjKTAUtP5/R+gC3v3zyIWwXNqhhA==
  dependencies:
    "@polkadot/rpc-core" "16.4.5"
    "@polkadot/types" "16.4.5"
    "@polkadot/types-codec" "16.4.5"
    "@polkadot/util" "^13.5.5"
    tslib "^2.8.1"

"@polkadot/rpc-core@16.4.5":
  version "16.4.5"
  resolved "https://registry.yarnpkg.com/@polkadot/rpc-core/-/rpc-core-16.4.5.tgz#9eb3766f9f5963664d002c859ee049816157eab1"
  integrity sha512-cRlTRXRFbBPqq4w4b98Yi7NgWAVO0ISMW18eKPd8Rs07Rgbroluq1CEsROaEnZUnp/njt+ETwBvnsikAsh29bA==
  dependencies:
    "@polkadot/rpc-augment" "16.4.5"
    "@polkadot/rpc-provider" "16.4.5"
    "@polkadot/types" "16.4.5"
    "@polkadot/util" "^13.5.5"
    rxjs "^7.8.1"
    tslib "^2.8.1"

"@polkadot/rpc-provider@16.4.5":
  version "16.4.5"
  resolved "https://registry.yarnpkg.com/@polkadot/rpc-provider/-/rpc-provider-16.4.5.tgz#dca348c6fd6313f001f0ebd36493de50ba8bda28"
  integrity sha512-OAG3UQm2fZviOm1h5Gh3mXEvfvgSocHjm6lApWqSGzuU2z8tasxH1rHLQasY78sbNs8Fnh8cepzy+CGQduAYEw==
  dependencies:
    "@polkadot/keyring" "^13.5.5"
    "@polkadot/types" "16.4.5"
    "@polkadot/types-support" "16.4.5"
    "@polkadot/util" "^13.5.5"
    "@polkadot/util-crypto" "^13.5.5"
    "@polkadot/x-fetch" "^13.5.5"
    "@polkadot/x-global" "^13.5.5"
    "@polkadot/x-ws" "^13.5.5"
    eventemitter3 "^5.0.1"
    mock-socket "^9.3.1"
    nock "^13.5.5"
    tslib "^2.8.1"
  optionalDependencies:
    "@substrate/connect" "0.8.11"

"@polkadot/types-augment@16.4.5":
  version "16.4.5"
  resolved "https://registry.yarnpkg.com/@polkadot/types-augment/-/types-augment-16.4.5.tgz#d1c30d0b1f4196af25940f349546ff7114005490"
  integrity sha512-1HoyKfzcS504VxOyqRZ3HUNp04D0sQcEVUSjnrMMeH5UeXgaeupn56rhFL9N6EvaCwlxXIRsJiLo0iOqEPYn4A==
  dependencies:
    "@polkadot/types" "16.4.5"
    "@polkadot/types-codec" "16.4.5"
    "@polkadot/util" "^13.5.5"
    tslib "^2.8.1"

"@polkadot/types-codec@16.4.5":
  version "16.4.5"
  resolved "https://registry.yarnpkg.com/@polkadot/types-codec/-/types-codec-16.4.5.tgz#54dc80c24f2f0dd5a3d7b11cad5e5d349bb22846"
  integrity sha512-AUKeGS0Yohva/c1Y6Wh9+K0Whxq/AJk+iZc/zFewsfJgM3rOeV2Hzymp7LBsFQK7DJZa5H9Z0I22acU6LyMXOw==
  dependencies:
    "@polkadot/util" "^13.5.5"
    "@polkadot/x-bigint" "^13.5.5"
    tslib "^2.8.1"

"@polkadot/types-create@16.4.5":
  version "16.4.5"
  resolved "https://registry.yarnpkg.com/@polkadot/types-create/-/types-create-16.4.5.tgz#31deed19efcffe839700fe8c8d2c5b739658f2c2"
  integrity sha512-4MgWpEsMZvtlENzhqkTG1LwAyuxljqbOQbaYx1RX4ZmDCAnnkdLWXlFzA+v8D/F+/7qBnIs91xl2N5fUCgdSrg==
  dependencies:
    "@polkadot/types-codec" "16.4.5"
    "@polkadot/util" "^13.5.5"
    tslib "^2.8.1"

"@polkadot/types-known@16.4.5":
  version "16.4.5"
  resolved "https://registry.yarnpkg.com/@polkadot/types-known/-/types-known-16.4.5.tgz#2a86b3acbccefe8d0d047aca686929003487af68"
  integrity sha512-tj6Zu6p94iXOOgrVYS0wRh48ePrhNeVdquwL8zkAXv+fX+ecLpagBMu+3n0oVsiwPGs6ddMNo+l3FAVOAhfNSw==
  dependencies:
    "@polkadot/networks" "^13.5.5"
    "@polkadot/types" "16.4.5"
    "@polkadot/types-codec" "16.4.5"
    "@polkadot/types-create" "16.4.5"
    "@polkadot/util" "^13.5.5"
    tslib "^2.8.1"

"@polkadot/types-support@16.4.5":
  version "16.4.5"
  resolved "https://registry.yarnpkg.com/@polkadot/types-support/-/types-support-16.4.5.tgz#73b732c04d97a2a4a2333e5c0b4a3c0f967c1e00"
  integrity sha512-Ad9auG0/3QvtNpy7jmpP+20H8DdpwwZnSs6dhitj7oYFbbN1BWX/0GiZ3OZoLno0jUQRJNqpI74dx+BNDNdCfA==
  dependencies:
    "@polkadot/util" "^13.5.5"
    tslib "^2.8.1"

"@polkadot/types@16.4.5":
  version "16.4.5"
  resolved "https://registry.yarnpkg.com/@polkadot/types/-/types-16.4.5.tgz#fdba40807342be927ea001a33c423359405ee93d"
  integrity sha512-iFL+yBt5DqpG28pvKHzsbKfpghW16PZUmwS6F0RnJMimKJbKfDr2Zi14a3mj3QUw0B9iViu4buviHR52s/wD+Q==
  dependencies:
    "@polkadot/keyring" "^13.5.5"
    "@polkadot/types-augment" "16.4.5"
    "@polkadot/types-codec" "16.4.5"
    "@polkadot/types-create" "16.4.5"
    "@polkadot/util" "^13.5.5"
    "@polkadot/util-crypto" "^13.5.5"
    rxjs "^7.8.1"
    tslib "^2.8.1"

"@polkadot/util-crypto@13.5.5", "@polkadot/util-crypto@^13.5.5":
  version "13.5.5"
  resolved "https://registry.npmjs.org/@polkadot/util-crypto/-/util-crypto-13.5.5.tgz"
  integrity sha512-LAHarViiPwjrXl05fXOV5pW6jvK8A0Y6uIJnttSSERjTKqG5O4VtgRAcqLXShTp1rEVE5T4DaIX5xZd7azBHyg==
  dependencies:
    "@noble/curves" "^1.3.0"
    "@noble/hashes" "^1.3.3"
    "@polkadot/networks" "13.5.5"
    "@polkadot/util" "13.5.5"
    "@polkadot/wasm-crypto" "^7.4.1"
    "@polkadot/wasm-util" "^7.4.1"
    "@polkadot/x-bigint" "13.5.5"
    "@polkadot/x-randomvalues" "13.5.5"
    "@scure/base" "^1.1.7"
    tslib "^2.8.0"

"@polkadot/util@13.5.5", "@polkadot/util@^13.5.5":
  version "13.5.5"
  resolved "https://registry.npmjs.org/@polkadot/util/-/util-13.5.5.tgz"
  integrity sha512-O3sGI8vWmv5o1cd8fDkc+cZGpUsG+ZUFAOitgv6bRt5llaBqS5VpTrUANEjfgUMgUuTn7Y2cPKGDLItYr5WnUg==
  dependencies:
    "@polkadot/x-bigint" "13.5.5"
    "@polkadot/x-global" "13.5.5"
    "@polkadot/x-textdecoder" "13.5.5"
    "@polkadot/x-textencoder" "13.5.5"
    "@types/bn.js" "^5.1.6"
    bn.js "^5.2.1"
    tslib "^2.8.0"

"@polkadot/wasm-bridge@7.4.1":
  version "7.4.1"
  resolved "https://registry.npmjs.org/@polkadot/wasm-bridge/-/wasm-bridge-7.4.1.tgz"
  integrity sha512-tdkJaV453tezBxhF39r4oeG0A39sPKGDJmN81LYLf+Fihb7astzwju+u75BRmDrHZjZIv00un3razJEWCxze6g==
  dependencies:
    "@polkadot/wasm-util" "7.4.1"
    tslib "^2.7.0"

"@polkadot/wasm-crypto-asmjs@7.4.1":
  version "7.4.1"
  resolved "https://registry.npmjs.org/@polkadot/wasm-crypto-asmjs/-/wasm-crypto-asmjs-7.4.1.tgz"
  integrity sha512-pwU8QXhUW7IberyHJIQr37IhbB6DPkCG5FhozCiNTq4vFBsFPjm9q8aZh7oX1QHQaiAZa2m2/VjIVE+FHGbvHQ==
  dependencies:
    tslib "^2.7.0"

"@polkadot/wasm-crypto-init@7.4.1":
  version "7.4.1"
  resolved "https://registry.npmjs.org/@polkadot/wasm-crypto-init/-/wasm-crypto-init-7.4.1.tgz"
  integrity sha512-AVka33+f7MvXEEIGq5U0dhaA2SaXMXnxVCQyhJTaCnJ5bRDj0Xlm3ijwDEQUiaDql7EikbkkRtmlvs95eSUWYQ==
  dependencies:
    "@polkadot/wasm-bridge" "7.4.1"
    "@polkadot/wasm-crypto-asmjs" "7.4.1"
    "@polkadot/wasm-crypto-wasm" "7.4.1"
    "@polkadot/wasm-util" "7.4.1"
    tslib "^2.7.0"

"@polkadot/wasm-crypto-wasm@7.4.1":
  version "7.4.1"
  resolved "https://registry.npmjs.org/@polkadot/wasm-crypto-wasm/-/wasm-crypto-wasm-7.4.1.tgz"
  integrity sha512-PE1OAoupFR0ZOV2O8tr7D1FEUAwaggzxtfs3Aa5gr+yxlSOaWUKeqsOYe1KdrcjmZVV3iINEAXxgrbzCmiuONg==
  dependencies:
    "@polkadot/wasm-util" "7.4.1"
    tslib "^2.7.0"

"@polkadot/wasm-crypto@^7.4.1":
  version "7.4.1"
  resolved "https://registry.npmjs.org/@polkadot/wasm-crypto/-/wasm-crypto-7.4.1.tgz"
  integrity sha512-kHN/kF7hYxm1y0WeFLWeWir6oTzvcFmR4N8fJJokR+ajYbdmrafPN+6iLgQVbhZnDdxyv9jWDuRRsDnBx8tPMQ==
  dependencies:
    "@polkadot/wasm-bridge" "7.4.1"
    "@polkadot/wasm-crypto-asmjs" "7.4.1"
    "@polkadot/wasm-crypto-init" "7.4.1"
    "@polkadot/wasm-crypto-wasm" "7.4.1"
    "@polkadot/wasm-util" "7.4.1"
    tslib "^2.7.0"

"@polkadot/wasm-util@7.4.1", "@polkadot/wasm-util@^7.4.1":
  version "7.4.1"
  resolved "https://registry.npmjs.org/@polkadot/wasm-util/-/wasm-util-7.4.1.tgz"
  integrity sha512-RAcxNFf3zzpkr+LX/ItAsvj+QyM56TomJ0xjUMo4wKkHjwsxkz4dWJtx5knIgQz/OthqSDMR59VNEycQeNuXzA==
  dependencies:
    tslib "^2.7.0"

"@polkadot/x-bigint@13.5.5", "@polkadot/x-bigint@^13.5.5":
  version "13.5.5"
  resolved "https://registry.npmjs.org/@polkadot/x-bigint/-/x-bigint-13.5.5.tgz"
  integrity sha512-SAd7Lfdgp6mz+utkoML8MN9FqTMCuPfk7v5rLJnm9vHgXw5uYnycbjH5Uc7ZgQIQWtMXJV3thrlltMan5DUXtA==
  dependencies:
    "@polkadot/x-global" "13.5.5"
    tslib "^2.8.0"

"@polkadot/x-fetch@^13.5.5":
  version "13.5.5"
  resolved "https://registry.yarnpkg.com/@polkadot/x-fetch/-/x-fetch-13.5.5.tgz#903e19389dcb774678843afd6c4942ebacc7174f"
  integrity sha512-B26V9gLo253jdMC9Y4ZhfIhqzKGgXWGYVL4C2NNPTjzk6WV+MJ50VSF9oumi2ooaRLSw4aNUvgeHHXgMkpwqiA==
  dependencies:
    "@polkadot/x-global" "13.5.5"
    node-fetch "^3.3.2"
    tslib "^2.8.0"

"@polkadot/x-global@13.5.5", "@polkadot/x-global@^13.5.5":
  version "13.5.5"
  resolved "https://registry.npmjs.org/@polkadot/x-global/-/x-global-13.5.5.tgz"
  integrity sha512-fw+VM191bodacSeieMm8Vmrym4jjevX08IINDcQTd1gIOjtE5CriJhwfBbAF4WnlTp/11jhhbX4/SvWMubXAzQ==
  dependencies:
    tslib "^2.8.0"

"@polkadot/x-randomvalues@13.5.5":
  version "13.5.5"
  resolved "https://registry.npmjs.org/@polkadot/x-randomvalues/-/x-randomvalues-13.5.5.tgz"
  integrity sha512-W0AoNgr/NEVsHWegJUjUyI9Q1IoTHILIb/bkjyTcXTU3+2YFxP12ophhsI1dMaNbXqFotNyts7mNOsTVDnQNXA==
  dependencies:
    "@polkadot/x-global" "13.5.5"
    tslib "^2.8.0"

"@polkadot/x-textdecoder@13.5.5":
  version "13.5.5"
  resolved "https://registry.npmjs.org/@polkadot/x-textdecoder/-/x-textdecoder-13.5.5.tgz"
  integrity sha512-KkZ1rqdJZ8tsRY0D5pLqfU8B/BrSQVEPMKHj4s/oc8dTrikfEUC+ELaH2jdrUqsZX6K/OTHjaF0J31YZcr7rCg==
  dependencies:
    "@polkadot/x-global" "13.5.5"
    tslib "^2.8.0"

"@polkadot/x-textencoder@13.5.5":
  version "13.5.5"
  resolved "https://registry.npmjs.org/@polkadot/x-textencoder/-/x-textencoder-13.5.5.tgz"
  integrity sha512-yEgUUojBb4goYf4V5I7urdJ+W+1aI13U1kZmUwMc+/G2YQz8pX3s/Tyb/iuxU5MlFh0AZZXP5NqUnFol+vwNEg==
  dependencies:
    "@polkadot/x-global" "13.5.5"
    tslib "^2.8.0"

"@polkadot/x-ws@^13.5.5":
  version "13.5.5"
  resolved "https://registry.yarnpkg.com/@polkadot/x-ws/-/x-ws-13.5.5.tgz#efc6c01d2692647bddbcf2ed279b96d1f1dccd9d"
  integrity sha512-YwvoQwcpfWNxliAPiVeMT03mAvyFQNRmt8nILRBhfo+3YhvafDuehL01e1/jb6oXyNTG5FEaOZ+6+gLrq+e+yg==
  dependencies:
    "@polkadot/x-global" "13.5.5"
    tslib "^2.8.0"
    ws "^8.18.0"

"@scure/base@^1.1.1", "@scure/base@^1.1.7":
  version "1.2.6"
  resolved "https://registry.npmjs.org/@scure/base/-/base-1.2.6.tgz"
  integrity sha512-g/nm5FgUa//MCj1gV09zTJTaM6KBAHqLN907YVQqf7zC49+DcO4B1so4ZX07Ef10Twr6nuqYEH9GEggFXA4Fmg==

"@substrate/connect-extension-protocol@^2.0.0":
  version "2.2.2"
  resolved "https://registry.npmjs.org/@substrate/connect-extension-protocol/-/connect-extension-protocol-2.2.2.tgz"
  integrity sha512-t66jwrXA0s5Goq82ZtjagLNd7DPGCNjHeehRlE/gcJmJ+G56C0W+2plqOMRicJ8XGR1/YFnUSEqUFiSNbjGrAA==

"@substrate/connect-known-chains@^1.1.5":
  version "1.10.3"
  resolved "https://registry.npmjs.org/@substrate/connect-known-chains/-/connect-known-chains-1.10.3.tgz"
  integrity sha512-OJEZO1Pagtb6bNE3wCikc2wrmvEU5x7GxFFLqqbz1AJYYxSlrPCGu4N2og5YTExo4IcloNMQYFRkBGue0BKZ4w==

"@substrate/connect@0.8.11":
  version "0.8.11"
  resolved "https://registry.npmjs.org/@substrate/connect/-/connect-0.8.11.tgz"
  integrity sha512-ofLs1PAO9AtDdPbdyTYj217Pe+lBfTLltdHDs3ds8no0BseoLeAGxpz1mHfi7zB4IxI3YyAiLjH6U8cw4pj4Nw==
  dependencies:
    "@substrate/connect-extension-protocol" "^2.0.0"
    "@substrate/connect-known-chains" "^1.1.5"
    "@substrate/light-client-extension-helpers" "^1.0.0"
    smoldot "2.0.26"

"@substrate/light-client-extension-helpers@^1.0.0":
  version "1.0.0"
  resolved "https://registry.npmjs.org/@substrate/light-client-extension-helpers/-/light-client-extension-helpers-1.0.0.tgz"
  integrity sha512-TdKlni1mBBZptOaeVrKnusMg/UBpWUORNDv5fdCaJklP4RJiFOzBCrzC+CyVI5kQzsXBisZ+2pXm+rIjS38kHg==
  dependencies:
    "@polkadot-api/json-rpc-provider" "^0.0.1"
    "@polkadot-api/json-rpc-provider-proxy" "^0.1.0"
    "@polkadot-api/observable-client" "^0.3.0"
    "@polkadot-api/substrate-client" "^0.1.2"
    "@substrate/connect-extension-protocol" "^2.0.0"
    "@substrate/connect-known-chains" "^1.1.5"
    rxjs "^7.8.1"

"@substrate/ss58-registry@^1.51.0":
  version "1.51.0"
  resolved "https://registry.npmjs.org/@substrate/ss58-registry/-/ss58-registry-1.51.0.tgz"
  integrity sha512-TWDurLiPxndFgKjVavCniytBIw+t4ViOi7TYp9h/D0NMmkEc9klFTo+827eyEJ0lELpqO207Ey7uGxUa+BS1jQ==

"@types/bn.js@^5.1.6":
  version "5.2.0"
  resolved "https://registry.npmjs.org/@types/bn.js/-/bn.js-5.2.0.tgz"
  integrity sha512-DLbJ1BPqxvQhIGbeu8VbUC1DiAiahHtAYvA0ZEAa4P31F7IaArc8z3C3BRQdWX4mtLQuABG4yzp76ZrS02Ui1Q==
  dependencies:
    "@types/node" "*"

"@types/node@*":
  version "22.14.1"
  resolved "https://registry.npmjs.org/@types/node/-/node-22.14.1.tgz"
  integrity sha512-u0HuPQwe/dHrItgHHpmw3N2fYCR6x4ivMNbPHRkBVP4CvN+kiRrKHWk3i8tXiO/joPwXLMYvF9TTF0eqgHIuOw==
  dependencies:
    undici-types "~6.21.0"

ansi-styles@^4.1.0:
  version "4.3.0"
  resolved "https://registry.npmjs.org/ansi-styles/-/ansi-styles-4.3.0.tgz"
  integrity sha512-zbB9rCJAT1rbjiVDb2hqKFHNYLxgtk8NURxZ3IZwD3F6NtxbXZQCnnSi1Lkx+IDohdPlFp222wVALIheZJQSEg==
  dependencies:
    color-convert "^2.0.1"

async@^3.2.3:
  version "3.2.6"
  resolved "https://registry.npmjs.org/async/-/async-3.2.6.tgz"
  integrity sha512-htCUDlxyyCLMgaM3xXg0C0LW2xqfuQ6p05pCEIsXuyQ+a1koYKTuBMzRNwmybfLgvJDMd0r1LTn4+E0Ti6C2AA==

b4a@^1.0.1:
  version "1.6.7"
  resolved "https://registry.npmjs.org/b4a/-/b4a-1.6.7.tgz"
  integrity sha512-OnAYlL5b7LEkALw87fUVafQw5rVR9RjwGd4KUwNQ6DrrNmaVaUCgLipfVlzrPQ4tWOR9P0IXGNOx50jYCCdSJg==

balanced-match@^1.0.0:
  version "1.0.2"
  resolved "https://registry.npmjs.org/balanced-match/-/balanced-match-1.0.2.tgz"
  integrity sha512-3oSeUO0TMV67hN1AmbXsK4yaqU7tjiHlbxRDZOpH0KW9+CeX4bRAaX0Anxt0tx2MrpRpWwQaPwIlISEJhYU5Pw==

bfj@^7.0.2:
  version "7.1.0"
  resolved "https://registry.npmjs.org/bfj/-/bfj-7.1.0.tgz"
  integrity sha512-I6MMLkn+anzNdCUp9hMRyui1HaNEUCco50lxbvNS4+EyXg8lN3nJ48PjPWtbH8UVS9CuMoaKE9U2V3l29DaRQw==
  dependencies:
    bluebird "^3.7.2"
    check-types "^11.2.3"
    hoopy "^0.1.4"
    jsonpath "^1.1.1"
    tryer "^1.0.1"

blake2b-wasm@^2.4.0:
  version "2.4.0"
  resolved "https://registry.npmjs.org/blake2b-wasm/-/blake2b-wasm-2.4.0.tgz"
  integrity sha512-S1kwmW2ZhZFFFOghcx73+ZajEfKBqhP82JMssxtLVMxlaPea1p9uoLiUZ5WYyHn0KddwbLc+0vh4wR0KBNoT5w==
  dependencies:
    b4a "^1.0.1"
    nanoassert "^2.0.0"

bluebird@^3.7.2:
  version "3.7.2"
  resolved "https://registry.npmjs.org/bluebird/-/bluebird-3.7.2.tgz"
  integrity sha512-XpNj6GDQzdfW+r2Wnn7xiSAd7TM3jzkxGXBGTtWKuSXv1xUV+azxAm8jdWZN06QTQk+2N2XB9jRDkvbmQmcRtg==

bn.js@^5.2.1:
  version "5.2.1"
  resolved "https://registry.npmjs.org/bn.js/-/bn.js-5.2.1.tgz"
  integrity sha512-eXRvHzWyYPBuB4NBy0cmYQjGitUrtqwbvlzP3G6VFnNRbsZQIxQ10PbKKHt8gZ/HW/D/747aDl+QkDqg3KQLMQ==

brace-expansion@^1.1.7:
  version "1.1.11"
  resolved "https://registry.npmjs.org/brace-expansion/-/brace-expansion-1.1.11.tgz"
  integrity sha512-iCuPHDFgrHX7H2vEI/5xpz07zSHB00TpugqhmYtVmMO6518mCuRMoOYFldEBl0g187ufozdaHgWKcYFb61qGiA==
  dependencies:
    balanced-match "^1.0.0"
    concat-map "0.0.1"

brace-expansion@^2.0.1:
  version "2.0.1"
  resolved "https://registry.npmjs.org/brace-expansion/-/brace-expansion-2.0.1.tgz"
  integrity sha512-XnAIvQ8eM+kC6aULx6wuQiwVsnzsi9d3WxzV3FpWTGA19F621kwdbsAcFKXgKUHZWsy+mY6iL1sHTxWEFCytDA==
  dependencies:
    balanced-match "^1.0.0"

chalk@^4.0.2:
  version "4.1.2"
  resolved "https://registry.npmjs.org/chalk/-/chalk-4.1.2.tgz"
  integrity sha512-oKnbhFyRIXpUuez8iBMmyEa4nbj4IOQyuhc/wy9kY7/WVPcwIO9VA668Pu8RkO7+0G76SLROeyw9CpQ061i4mA==
  dependencies:
    ansi-styles "^4.1.0"
    supports-color "^7.1.0"

check-types@^11.2.3:
  version "11.2.3"
  resolved "https://registry.npmjs.org/check-types/-/check-types-11.2.3.tgz"
  integrity sha512-+67P1GkJRaxQD6PKK0Et9DhwQB+vGg3PM5+aavopCpZT1lj9jeqfvpgTLAWErNj8qApkkmXlu/Ug74kmhagkXg==

circom_runtime@0.1.28:
  version "0.1.28"
  resolved "https://registry.npmjs.org/circom_runtime/-/circom_runtime-0.1.28.tgz"
  integrity sha512-ACagpQ7zBRLKDl5xRZ4KpmYIcZDUjOiNRuxvXLqhnnlLSVY1Dbvh73TI853nqoR0oEbihtWmMSjgc5f+pXf/jQ==
  dependencies:
    ffjavascript "0.3.1"

color-convert@^2.0.1:
  version "2.0.1"
  resolved "https://registry.npmjs.org/color-convert/-/color-convert-2.0.1.tgz"
  integrity sha512-RRECPsj7iu/xb5oKYcsFHSppFNnsj/52OVTRKb4zP5onXwVF3zVmmToNcOfGC+CRDpfK/U584fMg38ZHCaElKQ==
  dependencies:
    color-name "~1.1.4"

color-name@~1.1.4:
  version "1.1.4"
  resolved "https://registry.npmjs.org/color-name/-/color-name-1.1.4.tgz"
  integrity sha512-dOy+3AuW3a2wNbZHIuMZpTcgjGuLU/uBL/ubcZF9OXbDo8ff4O8yVp5Bf0efS8uEoYo5q4Fx7dY9OgQGXgAsQA==

concat-map@0.0.1:
  version "0.0.1"
  resolved "https://registry.npmjs.org/concat-map/-/concat-map-0.0.1.tgz"
  integrity sha512-/Srv4dswyQNBfohGpz9o6Yb3Gz3SrUDqBH5rTuhGR7ahtlbYKnVxw2bCFMRljaA7EXHaXZ8wsHdodFvbkhKmqg==

data-uri-to-buffer@^4.0.0:
  version "4.0.1"
  resolved "https://registry.npmjs.org/data-uri-to-buffer/-/data-uri-to-buffer-4.0.1.tgz"
  integrity sha512-0R9ikRb668HB7QDxT1vkpuUBtqc53YyAwMwGeUFKRojY/NWKvdZ+9UYtRfGmhqNbRkTSVpMbmyhXipFFv2cb/A==

debug@^4.1.0:
  version "4.4.1"
  resolved "https://registry.npmjs.org/debug/-/debug-4.4.1.tgz"
  integrity sha512-KcKCqiftBJcZr++7ykoDIEwSa3XWowTfNPo92BYxjXiyYEVrUQh2aLyhxBCwww+heortUFxEJYcRzosstTEBYQ==
  dependencies:
    ms "^2.1.3"

deep-is@~0.1.3:
  version "0.1.4"
  resolved "https://registry.npmjs.org/deep-is/-/deep-is-0.1.4.tgz"
  integrity sha512-oIPzksmTg4/MriiaYGO+okXDT7ztn/w3Eptv/+gSIdMdKsJo0u4CfYNFJPy+4SKMuCqGw2wxnA+URMg3t8a/bQ==

ejs@^3.1.6:
  version "3.1.10"
  resolved "https://registry.npmjs.org/ejs/-/ejs-3.1.10.tgz"
  integrity sha512-UeJmFfOrAQS8OJWPZ4qtgHyWExa088/MtK5UEyoJGFH67cDEXkZSviOiKRCZ4Xij0zxI3JECgYs3oKx+AizQBA==
  dependencies:
    jake "^10.8.5"

escodegen@^1.8.1:
  version "1.14.3"
  resolved "https://registry.npmjs.org/escodegen/-/escodegen-1.14.3.tgz"
  integrity sha512-qFcX0XJkdg+PB3xjZZG/wKSuT1PnQWx57+TVSjIMmILd2yC/6ByYElPwJnslDsuWuSAp4AwJGumarAAmJch5Kw==
  dependencies:
    esprima "^4.0.1"
    estraverse "^4.2.0"
    esutils "^2.0.2"
    optionator "^0.8.1"
  optionalDependencies:
    source-map "~0.6.1"

esprima@1.2.2:
  version "1.2.2"
  resolved "https://registry.npmjs.org/esprima/-/esprima-1.2.2.tgz"
  integrity sha512-+JpPZam9w5DuJ3Q67SqsMGtiHKENSMRVoxvArfJZK01/BfLEObtZ6orJa/MtoGNR/rfMgp5837T41PAmTwAv/A==

esprima@^4.0.1:
  version "4.0.1"
  resolved "https://registry.npmjs.org/esprima/-/esprima-4.0.1.tgz"
  integrity sha512-eGuFFw7Upda+g4p+QHvnW0RyTX/SVeJBDM/gCtMARO0cLuT2HcEKnTPvhjV6aGeqrCB/sbNop0Kszm0jsaWU4A==

estraverse@^4.2.0:
  version "4.3.0"
  resolved "https://registry.npmjs.org/estraverse/-/estraverse-4.3.0.tgz"
  integrity sha512-39nnKffWz8xN1BU/2c79n9nB9HDzo0niYUqx6xyqUnyoAnQyyWpOTdZEeiCch8BBu515t4wp9ZmgVfVhn9EBpw==

esutils@^2.0.2:
  version "2.0.3"
  resolved "https://registry.npmjs.org/esutils/-/esutils-2.0.3.tgz"
  integrity sha512-kVscqXk4OCp68SZ0dkgEKVi6/8ij300KBWTJq32P/dYeWTSwK41WyTxalN1eRmA5Z9UU/LX9D7FWSmV9SAYx6g==

eventemitter3@^5.0.1:
  version "5.0.1"
  resolved "https://registry.npmjs.org/eventemitter3/-/eventemitter3-5.0.1.tgz"
  integrity sha512-GWkBvjiSZK87ELrYOSESUYeVIc9mvLLf/nXalMOS5dYrgZq9o5OVkbZAVM06CVxYsCwH9BDZFPlQTlPA1j4ahA==

fast-levenshtein@~2.0.6:
  version "2.0.6"
  resolved "https://registry.npmjs.org/fast-levenshtein/-/fast-levenshtein-2.0.6.tgz"
  integrity sha512-DCXu6Ifhqcks7TZKY3Hxp3y6qphY5SJZmrWMDrKcERSOXWQdMhU9Ig/PYrzyw/ul9jOIyh0N4M0tbC5hodg8dw==

fastfile@0.0.20:
  version "0.0.20"
  resolved "https://registry.npmjs.org/fastfile/-/fastfile-0.0.20.tgz"
  integrity sha512-r5ZDbgImvVWCP0lA/cGNgQcZqR+aYdFx3u+CtJqUE510pBUVGMn4ulL/iRTI4tACTYsNJ736uzFxEBXesPAktA==

fetch-blob@^3.1.2, fetch-blob@^3.1.4:
  version "3.2.0"
  resolved "https://registry.npmjs.org/fetch-blob/-/fetch-blob-3.2.0.tgz"
  integrity sha512-7yAQpD2UMJzLi1Dqv7qFYnPbaPx7ZfFK6PiIxQ4PfkGPyNyl2Ugx+a/umUonmKqjhM4DnfbMvdX6otXq83soQQ==
  dependencies:
    node-domexception "^1.0.0"
    web-streams-polyfill "^3.0.3"

ffjavascript@0.3.0:
  version "0.3.0"
  resolved "https://registry.npmjs.org/ffjavascript/-/ffjavascript-0.3.0.tgz"
  integrity sha512-l7sR5kmU3gRwDy8g0Z2tYBXy5ttmafRPFOqY7S6af5cq51JqJWt5eQ/lSR/rs2wQNbDYaYlQr5O+OSUf/oMLoQ==
  dependencies:
    wasmbuilder "0.0.16"
    wasmcurves "0.2.2"
    web-worker "1.2.0"

ffjavascript@0.3.1, ffjavascript@^0.3.0, ffjavascript@^0.3.1:
  version "0.3.1"
  resolved "https://registry.npmjs.org/ffjavascript/-/ffjavascript-0.3.1.tgz"
  integrity sha512-4PbK1WYodQtuF47D4pRI5KUg3Q392vuP5WjE1THSnceHdXwU3ijaoS0OqxTzLknCtz4Z2TtABzkBdBdMn3B/Aw==
  dependencies:
    wasmbuilder "0.0.16"
    wasmcurves "0.2.2"
    web-worker "1.2.0"

filelist@^1.0.4:
  version "1.0.4"
  resolved "https://registry.npmjs.org/filelist/-/filelist-1.0.4.tgz"
  integrity sha512-w1cEuf3S+DrLCQL7ET6kz+gmlJdbq9J7yXCSjK/OZCPA+qEN1WyF4ZAf0YYJa4/shHJra2t/d/r8SV4Ji+x+8Q==
  dependencies:
    minimatch "^5.0.1"

formdata-polyfill@^4.0.10:
  version "4.0.10"
  resolved "https://registry.npmjs.org/formdata-polyfill/-/formdata-polyfill-4.0.10.tgz"
  integrity sha512-buewHzMvYL29jdeQTVILecSaZKnt/RJWjoZCF5OW60Z67/GmSLBkOFM7qh1PI3zFNtJbaZL5eQu1vLfazOwj4g==
  dependencies:
    fetch-blob "^3.1.2"

has-flag@^4.0.0:
  version "4.0.0"
  resolved "https://registry.npmjs.org/has-flag/-/has-flag-4.0.0.tgz"
  integrity sha512-EykJT/Q1KjTWctppgIAgfSO0tKVuZUjhgMr17kqTumMl6Afv3EISleU7qZUzoXDFTAHTDC4NOoG/ZxU3EvlMPQ==

hoopy@^0.1.4:
  version "0.1.4"
  resolved "https://registry.npmjs.org/hoopy/-/hoopy-0.1.4.tgz"
  integrity sha512-HRcs+2mr52W0K+x8RzcLzuPPmVIKMSv97RGHy0Ea9y/mpcaK+xTrjICA04KAHi4GRzxliNqNJEFYWHghy3rSfQ==

jake@^10.8.5:
  version "10.9.2"
  resolved "https://registry.npmjs.org/jake/-/jake-10.9.2.tgz"
  integrity sha512-2P4SQ0HrLQ+fw6llpLnOaGAvN2Zu6778SJMrCUwns4fOoG9ayrTiZk3VV8sCPkVZF8ab0zksVpS8FDY5pRCNBA==
  dependencies:
    async "^3.2.3"
    chalk "^4.0.2"
    filelist "^1.0.4"
    minimatch "^3.1.2"

js-sha3@^0.8.0:
  version "0.8.0"
  resolved "https://registry.npmjs.org/js-sha3/-/js-sha3-0.8.0.tgz"
  integrity sha512-gF1cRrHhIzNfToc802P800N8PpXS+evLLXfsVpowqmAFR9uwbi89WvXg2QspOmXL8QL86J4T1EpFu+yUkwJY3Q==

json-stringify-safe@^5.0.1:
  version "5.0.1"
  resolved "https://registry.npmjs.org/json-stringify-safe/-/json-stringify-safe-5.0.1.tgz"
  integrity sha512-ZClg6AaYvamvYEE82d3Iyd3vSSIjQ+odgjaTzRuO3s7toCdFKczob2i0zCh7JE8kWn17yvAWhUVxvqGwUalsRA==

jsonpath@^1.1.1:
  version "1.1.1"
  resolved "https://registry.npmjs.org/jsonpath/-/jsonpath-1.1.1.tgz"
  integrity sha512-l6Cg7jRpixfbgoWgkrl77dgEj8RPvND0wMH6TwQmi9Qs4TFfS9u5cUFnbeKTwj5ga5Y3BTGGNI28k117LJ009w==
  dependencies:
    esprima "1.2.2"
    static-eval "2.0.2"
    underscore "1.12.1"

levn@~0.3.0:
  version "0.3.0"
  resolved "https://registry.npmjs.org/levn/-/levn-0.3.0.tgz"
  integrity sha512-0OO4y2iOHix2W6ujICbKIaEQXvFQHue65vUG3pb5EUomzPI90z9hsA1VsO/dbIIpC53J8gxM9Q4Oho0jrCM/yA==
  dependencies:
    prelude-ls "~1.1.2"
    type-check "~0.3.2"

logplease@^1.2.15:
  version "1.2.15"
  resolved "https://registry.npmjs.org/logplease/-/logplease-1.2.15.tgz"
  integrity sha512-jLlHnlsPSJjpwUfcNyUxXCl33AYg2cHhIf9QhGL2T4iPT0XPB+xP1LRKFPgIg1M/sg9kAJvy94w9CzBNrfnstA==

minimatch@^3.1.2:
  version "3.1.2"
  resolved "https://registry.npmjs.org/minimatch/-/minimatch-3.1.2.tgz"
  integrity sha512-J7p63hRiAjw1NDEww1W7i37+ByIrOWO5XQQAzZ3VOcL0PNybwpfmV/N05zFAzwQ9USyEcX6t3UO+K5aqBQOIHw==
  dependencies:
    brace-expansion "^1.1.7"

minimatch@^5.0.1:
  version "5.1.6"
  resolved "https://registry.npmjs.org/minimatch/-/minimatch-5.1.6.tgz"
  integrity sha512-lKwV/1brpG6mBUFHtb7NUmtABCb2WZZmm2wNiOA5hAb8VdCS4B3dtMWyvcoViccwAW/COERjXLt0zP1zXUN26g==
  dependencies:
    brace-expansion "^2.0.1"

mock-socket@^9.3.1:
  version "9.3.1"
  resolved "https://registry.npmjs.org/mock-socket/-/mock-socket-9.3.1.tgz"
  integrity sha512-qxBgB7Qa2sEQgHFjj0dSigq7fX4k6Saisd5Nelwp2q8mlbAFh5dHV9JTTlF8viYJLSSWgMCZFUom8PJcMNBoJw==

ms@^2.1.3:
  version "2.1.3"
  resolved "https://registry.npmjs.org/ms/-/ms-2.1.3.tgz"
  integrity sha512-6FlzubTLZG3J2a/NVCAleEhjzq5oxgHyaCU9yYXvcLsvoVaHJq/s5xXI6/XXP6tz7R9xAOtHnSO/tXtF3WRTlA==

nanoassert@^2.0.0:
  version "2.0.0"
  resolved "https://registry.npmjs.org/nanoassert/-/nanoassert-2.0.0.tgz"
  integrity sha512-7vO7n28+aYO4J+8w96AzhmU8G+Y/xpPDJz/se19ICsqj/momRbb9mh9ZUtkoJ5X3nTnPdhEJyc0qnM6yAsHBaA==

nock@^13.5.5:
  version "13.5.6"
  resolved "https://registry.npmjs.org/nock/-/nock-13.5.6.tgz"
  integrity sha512-o2zOYiCpzRqSzPj0Zt/dQ/DqZeYoaQ7TUonc/xUPjCGl9WeHpNbxgVvOquXYAaJzI0M9BXV3HTzG0p8IUAbBTQ==
  dependencies:
    debug "^4.1.0"
    json-stringify-safe "^5.0.1"
    propagate "^2.0.0"

node-domexception@^1.0.0:
  version "1.0.0"
  resolved "https://registry.npmjs.org/node-domexception/-/node-domexception-1.0.0.tgz"
  integrity sha512-/jKZoMpw0F8GRwl4/eLROPA3cfcXtLApP0QzLmUT/HuPCZWyB7IY9ZrMeKw2O/nFIqPQB3PVM9aYm0F312AXDQ==

node-fetch@^3.3.2:
  version "3.3.2"
  resolved "https://registry.npmjs.org/node-fetch/-/node-fetch-3.3.2.tgz"
  integrity sha512-dRB78srN/l6gqWulah9SrxeYnxeddIG30+GOqK/9OlLVyLg3HPnr6SqOWTWOXKRwC2eGYCkZ59NNuSgvSrpgOA==
  dependencies:
    data-uri-to-buffer "^4.0.0"
    fetch-blob "^3.1.4"
    formdata-polyfill "^4.0.10"

optionator@^0.8.1:
  version "0.8.3"
  resolved "https://registry.npmjs.org/optionator/-/optionator-0.8.3.tgz"
  integrity sha512-+IW9pACdk3XWmmTXG8m3upGUJst5XRGzxMRjXzAuJ1XnIFNvfhjjIuYkDvysnPQ7qzqVzLt78BCruntqRhWQbA==
  dependencies:
    deep-is "~0.1.3"
    fast-levenshtein "~2.0.6"
    levn "~0.3.0"
    prelude-ls "~1.1.2"
    type-check "~0.3.2"
    word-wrap "~1.2.3"

prelude-ls@~1.1.2:
  version "1.1.2"
  resolved "https://registry.npmjs.org/prelude-ls/-/prelude-ls-1.1.2.tgz"
  integrity sha512-ESF23V4SKG6lVSGZgYNpbsiaAkdab6ZgOxe52p7+Kid3W3u3bxR4Vfd/o21dmN7jSt0IwgZ4v5MUd26FEtXE9w==

propagate@^2.0.0:
  version "2.0.1"
  resolved "https://registry.npmjs.org/propagate/-/propagate-2.0.1.tgz"
  integrity sha512-vGrhOavPSTz4QVNuBNdcNXePNdNMaO1xj9yBeH1ScQPjk/rhg9sSlCXPhMkFuaNNW/syTvYqsnbIJxMBfRbbag==

r1csfile@0.0.48:
  version "0.0.48"
  resolved "https://registry.npmjs.org/r1csfile/-/r1csfile-0.0.48.tgz"
  integrity sha512-kHRkKUJNaor31l05f2+RFzvcH5XSa7OfEfd/l4hzjte6NL6fjRkSMfZ4BjySW9wmfdwPOtq3mXurzPvPGEf5Tw==
  dependencies:
    "@iden3/bigarray" "0.0.2"
    "@iden3/binfileutils" "0.0.12"
    fastfile "0.0.20"
    ffjavascript "0.3.0"

rxjs@^7.8.1:
  version "7.8.2"
  resolved "https://registry.npmjs.org/rxjs/-/rxjs-7.8.2.tgz"
  integrity sha512-dhKf903U/PQZY6boNNtAGdWbG85WAbjT/1xYoZIC7FAY0yWapOBQVsVrDl58W86//e1VpMNBtRV4MaXfdMySFA==
  dependencies:
    tslib "^2.1.0"

sails-js-cli@*:
  version "0.4.3"
  resolved "https://registry.yarnpkg.com/sails-js-cli/-/sails-js-cli-0.4.3.tgz#8307c02fffc76e563fbef6c316c38566908c0d1d"
  integrity sha512-W3sjZvMwapsTKYvTGE3YBYYb57brkhUCTJ5BU9DBA1WM7AL/IjXiBlUCe2BABnwEUADzLB0f+H1rJgCcXEhDPA==

sails-js-types@^0.4.2:
  version "0.4.3"
  resolved "https://registry.npmjs.org/sails-js-types/-/sails-js-types-0.4.3.tgz"
  integrity sha512-TwPTtUQo95Abm14j/BoQyPt07sSpcT+R0qQvDiAhfQzfqZpBsYTFao+G3vJsQwHtP24SaR7ryaB72wj2vJXlbA==

sails-js-util@^0.4.2:
  version "0.4.3"
  resolved "https://registry.npmjs.org/sails-js-util/-/sails-js-util-0.4.3.tgz"
  integrity sha512-A4DkFJxcbSqfpOQ9wSuE7TG4iUFkgUv/noSb8KHq5Fc3PpndGf58NStTjk3F33A969Y9Ac1pvy2wB3F5hh18tA==

sails-js@*:
  version "0.4.3"
  resolved "https://registry.yarnpkg.com/sails-js/-/sails-js-0.4.3.tgz#4f1ae4b5c03f84819081101c08a993559edab9b5"
  integrity sha512-TvRmxrLaLwCRJj3+TktcRoJ3G8YQpcGRVz71vu0uvjlYQG+N4BDn7EGhkAlzNbaBBYgbUfrtOw8YLAxCsFQmkg==
  dependencies:
    sails-js-util "^0.4.2"
  optionalDependencies:
    sails-js-types "^0.4.2"

scale-ts@^1.6.0:
  version "1.6.1"
  resolved "https://registry.npmjs.org/scale-ts/-/scale-ts-1.6.1.tgz"
  integrity sha512-PBMc2AWc6wSEqJYBDPcyCLUj9/tMKnLX70jLOSndMtcUoLQucP/DM0vnQo1wJAYjTrQiq8iG9rD0q6wFzgjH7g==

smoldot@2.0.26:
  version "2.0.26"
  resolved "https://registry.npmjs.org/smoldot/-/smoldot-2.0.26.tgz"
  integrity sha512-F+qYmH4z2s2FK+CxGj8moYcd1ekSIKH8ywkdqlOz88Dat35iB1DIYL11aILN46YSGMzQW/lbJNS307zBSDN5Ig==
  dependencies:
    ws "^8.8.1"

snarkjs@^0.7.5:
  version "0.7.5"
  resolved "https://registry.npmjs.org/snarkjs/-/snarkjs-0.7.5.tgz"
  integrity sha512-h+3c4rXZKLhLuHk4LHydZCk/h5GcNvk5GjVKRRkHmfb6Ntf8gHOA9zea3g656iclRuhqQ3iKDWFgiD9ypLrKiA==
  dependencies:
    "@iden3/binfileutils" "0.0.12"
    bfj "^7.0.2"
    blake2b-wasm "^2.4.0"
    circom_runtime "0.1.28"
    ejs "^3.1.6"
    fastfile "0.0.20"
    ffjavascript "0.3.1"
    js-sha3 "^0.8.0"
    logplease "^1.2.15"
    r1csfile "0.0.48"

source-map@~0.6.1:
  version "0.6.1"
  resolved "https://registry.npmjs.org/source-map/-/source-map-0.6.1.tgz"
  integrity sha512-UjgapumWlbMhkBgzT7Ykc5YXUT46F0iKu8SGXq0bcwP5dz/h0Plj6enJqjz1Zbq2l5WaqYnrVbwWOWMyF3F47g==

static-eval@2.0.2:
  version "2.0.2"
  resolved "https://registry.npmjs.org/static-eval/-/static-eval-2.0.2.tgz"
  integrity sha512-N/D219Hcr2bPjLxPiV+TQE++Tsmrady7TqAJugLy7Xk1EumfDWS/f5dtBbkRCGE7wKKXuYockQoj8Rm2/pVKyg==
  dependencies:
    escodegen "^1.8.1"

supports-color@^7.1.0:
  version "7.2.0"
  resolved "https://registry.npmjs.org/supports-color/-/supports-color-7.2.0.tgz"
  integrity sha512-qpCAvRl9stuOHveKsn7HncJRvv501qIacKzQlO/+Lwxc9+0q2wLyv4Dfvt80/DPn2pqOBsJdDiogXGR9+OvwRw==
  dependencies:
    has-flag "^4.0.0"

tryer@^1.0.1:
  version "1.0.1"
  resolved "https://registry.npmjs.org/tryer/-/tryer-1.0.1.tgz"
  integrity sha512-c3zayb8/kWWpycWYg87P71E1S1ZL6b6IJxfb5fvsUgsf0S2MVGaDhDXXjDMpdCpfWXqptc+4mXwmiy1ypXqRAA==

tslib@^2.1.0, tslib@^2.7.0, tslib@^2.8.0, tslib@^2.8.1:
  version "2.8.1"
  resolved "https://registry.npmjs.org/tslib/-/tslib-2.8.1.tgz"
  integrity sha512-oJFu94HQb+KVduSUQL7wnpmqnfmLsOA/nAh6b6EH0wCEoK0/mPeXU6c3wKDV83MkOuHPRHtSXKKU99IBazS/2w==

type-check@~0.3.2:
  version "0.3.2"
  resolved "https://registry.npmjs.org/type-check/-/type-check-0.3.2.tgz"
  integrity sha512-ZCmOJdvOWDBYJlzAoFkC+Q0+bUyEOS1ltgp1MGU03fqHG+dbi9tBFU2Rd9QKiDZFAYrhPh2JUf7rZRIuHRKtOg==
  dependencies:
    prelude-ls "~1.1.2"

typescript@^5.9.2:
  version "5.9.2"
  resolved "https://registry.yarnpkg.com/typescript/-/typescript-5.9.2.tgz#d93450cddec5154a2d5cabe3b8102b83316fb2a6"
  integrity sha512-CWBzXQrc/qOkhidw1OzBTQuYRbfyxDXJMVJ1XNwUHGROVmuaeiEm3OslpZ1RV96d7SKKjZKrSJu3+t/xlw3R9A==

underscore@1.12.1:
  version "1.12.1"
  resolved "https://registry.npmjs.org/underscore/-/underscore-1.12.1.tgz"
  integrity sha512-hEQt0+ZLDVUMhebKxL4x1BTtDY7bavVofhZ9KZ4aI26X9SRaE+Y3m83XUL1UP2jn8ynjndwCCpEHdUG+9pP1Tw==

undici-types@~6.21.0:
  version "6.21.0"
  resolved "https://registry.npmjs.org/undici-types/-/undici-types-6.21.0.tgz"
  integrity sha512-iwDZqg0QAGrg9Rav5H4n0M64c3mkR59cJ6wQp+7C4nI0gsmExaedaYLNO44eT4AtBBwjbTiGPMlt2Md0T9H9JQ==

wasmbuilder@0.0.16:
  version "0.0.16"
  resolved "https://registry.npmjs.org/wasmbuilder/-/wasmbuilder-0.0.16.tgz"
  integrity sha512-Qx3lEFqaVvp1cEYW7Bfi+ebRJrOiwz2Ieu7ZG2l7YyeSJIok/reEQCQCuicj/Y32ITIJuGIM9xZQppGx5LrQdA==

wasmcurves@0.2.2:
  version "0.2.2"
  resolved "https://registry.npmjs.org/wasmcurves/-/wasmcurves-0.2.2.tgz"
  integrity sha512-JRY908NkmKjFl4ytnTu5ED6AwPD+8VJ9oc94kdq7h5bIwbj0L4TDJ69mG+2aLs2SoCmGfqIesMWTEJjtYsoQXQ==
  dependencies:
    wasmbuilder "0.0.16"

web-streams-polyfill@^3.0.3:
  version "3.3.3"
  resolved "https://registry.npmjs.org/web-streams-polyfill/-/web-streams-polyfill-3.3.3.tgz"
  integrity sha512-d2JWLCivmZYTSIoge9MsgFCZrt571BikcWGYkjC1khllbTeDlGqZ2D8vD8E/lJa8WGWbb7Plm8/XJYV7IJHZZw==

web-worker@1.2.0:
  version "1.2.0"
  resolved "https://registry.npmjs.org/web-worker/-/web-worker-1.2.0.tgz"
  integrity sha512-PgF341avzqyx60neE9DD+XS26MMNMoUQRz9NOZwW32nPQrF6p77f1htcnjBSEV8BGMKZ16choqUG4hyI0Hx7mA==

word-wrap@~1.2.3:
  version "1.2.5"
  resolved "https://registry.npmjs.org/word-wrap/-/word-wrap-1.2.5.tgz"
  integrity sha512-BN22B5eaMMI9UMtjrGd5g5eCYPpCPDUy0FJXbYsaT5zYxjFOckS53SQDE3pWkVoWpHXVb3BrYcEN4Twa55B5cA==

ws@^8.18.0, ws@^8.8.1:
  version "8.18.0"
  resolved "https://registry.npmjs.org/ws/-/ws-8.18.0.tgz"
  integrity sha512-8VbfWfHLbbwu3+N6OKsOMpBdT4kXPDDB9cJk2bJ6mh9ucxdlnNvH1e+roYkKmN9Nxw2yjz7VzeO9oOz2zJ04Pw==

"zk-shuffle-proof@file:zk-shuffle-proof":
  version "1.0.0"
  dependencies:
    "@noble/hashes" "^1.8.0"
