# THIS IS AN AUTOGENERATED FILE. DO NOT EDIT THIS FILE DIRECTLY.
# yarn lockfile v1


"@babel/runtime@^7.18.9", "@babel/runtime@^7.19.0":
  version "7.19.0"
  resolved "https://registry.yarnpkg.com/@babel/runtime/-/runtime-7.19.0.tgz#22b11c037b094d27a8a2504ea4dcff00f50e2259"
  integrity sha512-eR8Lo9hnDS7tqkO7NsV+mKvCmv5boaXFSZ70DnfhcgiEne8hv9oCEd36Klw74EtizEqLsy4YnW8UWwpBVolHZA==
  dependencies:
    regenerator-runtime "^0.13.4"

"@cspotcode/source-map-support@^0.8.0":
  version "0.8.1"
  resolved "https://registry.yarnpkg.com/@cspotcode/source-map-support/-/source-map-support-0.8.1.tgz#00629c35a688e05a88b1cda684fb9d5e73f000a1"
  integrity sha512-IchNf6dN4tHoMFIn/7OE8LWZ19Y6q/67Bmf6vnGREv8RSbBVb9LPJxEcnwrcwX6ixSvaiGoomAUvu4YSxXrVgw==
  dependencies:
    "@jridgewell/trace-mapping" "0.3.9"

"@gear-js/api@^0.25.7":
  version "0.25.7"
  resolved "https://registry.yarnpkg.com/@gear-js/api/-/api-0.25.7.tgz#77b3389ac31863e46e792d2af32af0154af7265f"
  integrity sha512-qrhVFyDeJY/FLOVdj6gPCpiUto7Ex7bVbx27EVozly6831YKswHzxIOw2Y9f2ChCZMFu2tAeC3nv713M6lDqyg==

"@jridgewell/resolve-uri@^3.0.3":
  version "3.1.0"
  resolved "https://registry.yarnpkg.com/@jridgewell/resolve-uri/-/resolve-uri-3.1.0.tgz#2203b118c157721addfe69d47b70465463066d78"
  integrity sha512-F2msla3tad+Mfht5cJq7LSXcdudKTWCVYUgw6pLFOOHSTtZlj6SWNYAp+AhuqLmWdBO2X5hPrLcu8cVP8fy28w==

"@jridgewell/sourcemap-codec@^1.4.10":
  version "1.4.14"
  resolved "https://registry.yarnpkg.com/@jridgewell/sourcemap-codec/-/sourcemap-codec-1.4.14.tgz#add4c98d341472a289190b424efbdb096991bb24"
  integrity sha512-XPSJHWmi394fuUuzDnGz1wiKqWfo1yXecHQMRf2l6hztTO+nPru658AyDngaBe7isIxEkRsPR3FZh+s7iVa4Uw==

"@jridgewell/trace-mapping@0.3.9":
  version "0.3.9"
  resolved "https://registry.yarnpkg.com/@jridgewell/trace-mapping/-/trace-mapping-0.3.9.tgz#6534fd5933a53ba7cbf3a17615e273a0d1273ff9"
  integrity sha512-3Belt6tdc8bPgAtbcmdtNJlirVoTmEb5e2gC94PnkwEW9jI6CAHUeoG85tjWP5WquqfavoMtMwiG4P926ZKKuQ==
  dependencies:
    "@jridgewell/resolve-uri" "^3.0.3"
    "@jridgewell/sourcemap-codec" "^1.4.10"

"@noble/hashes@1.1.2":
  version "1.1.2"
  resolved "https://registry.yarnpkg.com/@noble/hashes/-/hashes-1.1.2.tgz#e9e035b9b166ca0af657a7848eb2718f0f22f183"
  integrity sha512-KYRCASVTv6aeUi1tsF8/vpyR7zpfs3FUzy2Jqm+MU+LmUKhQ0y2FpfwqkCcxSg2ua4GALJd8k2R76WxwZGbQpA==

"@noble/secp256k1@1.7.0":
  version "1.7.0"
  resolved "https://registry.yarnpkg.com/@noble/secp256k1/-/secp256k1-1.7.0.tgz#d15357f7c227e751d90aa06b05a0e5cf993ba8c1"
  integrity sha512-kbacwGSsH/CTout0ZnZWxnW1B+jH/7r/WAAKLBtrRJ/+CUH7lgmQzl3GTrQua3SGKWNSDsS6lmjnDpIJ5Dxyaw==

"@polkadot/api-augment@9.4.1", "@polkadot/api-augment@^9.4.1":
  version "9.4.1"
  resolved "https://registry.yarnpkg.com/@polkadot/api-augment/-/api-augment-9.4.1.tgz#2e2d00b0a89eb2b2df8a318b57f6aca4c5e0d402"
  integrity sha512-I+jcPAeMUQn0YSs/JZhUsa9+SRcfGjlB0MtzkPb2w1uZhtXgg1bY36q6IXzhEHKxfjjUIjgITp/bSjJWlISzjw==
  dependencies:
    "@babel/runtime" "^7.19.0"
    "@polkadot/api-base" "9.4.1"
    "@polkadot/rpc-augment" "9.4.1"
    "@polkadot/types" "9.4.1"
    "@polkadot/types-augment" "9.4.1"
    "@polkadot/types-codec" "9.4.1"
    "@polkadot/util" "^10.1.8"

"@polkadot/api-base@9.4.1":
  version "9.4.1"
  resolved "https://registry.yarnpkg.com/@polkadot/api-base/-/api-base-9.4.1.tgz#515271d12cf02d816e281dbb189dbbe00d5a9d77"
  integrity sha512-APEnF3EviNMI6wKDIqU9xKOpgXhNJoT4ax4qegTqIWltx7aFMLFM8RYPPtMwSF+bm8z5w8aeEJ1H+vVlp4ovQw==
  dependencies:
    "@babel/runtime" "^7.19.0"
    "@polkadot/rpc-core" "9.4.1"
    "@polkadot/types" "9.4.1"
    "@polkadot/util" "^10.1.8"
    rxjs "^7.5.6"

"@polkadot/api-derive@9.4.1":
  version "9.4.1"
  resolved "https://registry.yarnpkg.com/@polkadot/api-derive/-/api-derive-9.4.1.tgz#f02f43bc561ec680102531029b2d788f05214eac"
  integrity sha512-RgQtiVi+u2fxxleVZ1dxu7FPdj3YMGbwpaBDc9fr2/ys6Jna5myN1ZsGlO7LzUrGGzug1t8HwHmsy9Ssnlod7w==
  dependencies:
    "@babel/runtime" "^7.19.0"
    "@polkadot/api" "9.4.1"
    "@polkadot/api-augment" "9.4.1"
    "@polkadot/api-base" "9.4.1"
    "@polkadot/rpc-core" "9.4.1"
    "@polkadot/types" "9.4.1"
    "@polkadot/types-codec" "9.4.1"
    "@polkadot/util" "^10.1.8"
    "@polkadot/util-crypto" "^10.1.8"
    rxjs "^7.5.6"

"@polkadot/api@9.4.1", "@polkadot/api@^9.4.1":
  version "9.4.1"
  resolved "https://registry.yarnpkg.com/@polkadot/api/-/api-9.4.1.tgz#a926312f80a63893a278336a9bacf83c2efde1ad"
  integrity sha512-4xjt5M8f5K8dFvlRXGCjQO8ALplR7fG5TbOBmFdebbL9AinZkOCzKZg9J/nCUzwIYns8syjHFgakDchCkIIBTA==
  dependencies:
    "@babel/runtime" "^7.19.0"
    "@polkadot/api-augment" "9.4.1"
    "@polkadot/api-base" "9.4.1"
    "@polkadot/api-derive" "9.4.1"
    "@polkadot/keyring" "^10.1.8"
    "@polkadot/rpc-augment" "9.4.1"
    "@polkadot/rpc-core" "9.4.1"
    "@polkadot/rpc-provider" "9.4.1"
    "@polkadot/types" "9.4.1"
    "@polkadot/types-augment" "9.4.1"
    "@polkadot/types-codec" "9.4.1"
    "@polkadot/types-create" "9.4.1"
    "@polkadot/types-known" "9.4.1"
    "@polkadot/util" "^10.1.8"
    "@polkadot/util-crypto" "^10.1.8"
    eventemitter3 "^4.0.7"
    rxjs "^7.5.6"

"@polkadot/keyring@^10.1.8":
  version "10.1.8"
  resolved "https://registry.yarnpkg.com/@polkadot/keyring/-/keyring-10.1.8.tgz#b872bfc87f4b5af20e98726d1d22850ac5ae3955"
  integrity sha512-fUw8ZM/pU2YILYsFA7RgpV51BTi8O4wrfGRrNDA/wZ2pdmNa+Vwc8+4HisHpOmplHeBW/SA3uD1YOoFgyyxvCQ==
  dependencies:
    "@babel/runtime" "^7.19.0"
    "@polkadot/util" "10.1.8"
    "@polkadot/util-crypto" "10.1.8"

"@polkadot/networks@10.1.8", "@polkadot/networks@^10.1.8":
  version "10.1.8"
  resolved "https://registry.yarnpkg.com/@polkadot/networks/-/networks-10.1.8.tgz#0b07dcbe0b4685986677a27f7ac7e176b8ca10dc"
  integrity sha512-WIVgsHeFQelSKZopukoW+gVJkHdVO1Z27a0K6ttQ68DZpO/1XnTJEhwPMQxiLzOiWihua8Kh3m29olJPpdOHPQ==
  dependencies:
    "@babel/runtime" "^7.19.0"
    "@polkadot/util" "10.1.8"
    "@substrate/ss58-registry" "^1.29.0"

"@polkadot/rpc-augment@9.4.1":
  version "9.4.1"
  resolved "https://registry.yarnpkg.com/@polkadot/rpc-augment/-/rpc-augment-9.4.1.tgz#ae5563a9850950a84ca986e991e17be663b0278f"
  integrity sha512-ZBI5YrVE5U23Zta+XrQt9qYyf0FHgalXvlCzytjNo/VpHhZ371yisBbOuoetyP14rnF+RWux3rgU4Y1c9LNN+Q==
  dependencies:
    "@babel/runtime" "^7.19.0"
    "@polkadot/rpc-core" "9.4.1"
    "@polkadot/types" "9.4.1"
    "@polkadot/types-codec" "9.4.1"
    "@polkadot/util" "^10.1.8"

"@polkadot/rpc-core@9.4.1":
  version "9.4.1"
  resolved "https://registry.yarnpkg.com/@polkadot/rpc-core/-/rpc-core-9.4.1.tgz#21c3e74996105c7fee082e6ebb8302deb8b0d86e"
  integrity sha512-nGiebijY+DW7qmyB5O0iIlwVpI+m3olWJrMZT0gy7eUehwhsdjWNo3CjePb+EWtdlSjhpcxTwKCc4EaikWQCyQ==
  dependencies:
    "@babel/runtime" "^7.19.0"
    "@polkadot/rpc-augment" "9.4.1"
    "@polkadot/rpc-provider" "9.4.1"
    "@polkadot/types" "9.4.1"
    "@polkadot/util" "^10.1.8"
    rxjs "^7.5.6"

"@polkadot/rpc-provider@9.4.1":
  version "9.4.1"
  resolved "https://registry.yarnpkg.com/@polkadot/rpc-provider/-/rpc-provider-9.4.1.tgz#3f05f9f70bb36d38503acf99852460cffac29af1"
  integrity sha512-JBq049KGpM6pDkgbxiADZG1cuTbBcfEJer466SVp54fGaF7ZfpWN6yb9pQNNkHvvx6rzPnxrTxWpqJXHlI+fmw==
  dependencies:
    "@babel/runtime" "^7.19.0"
    "@polkadot/keyring" "^10.1.8"
    "@polkadot/types" "9.4.1"
    "@polkadot/types-support" "9.4.1"
    "@polkadot/util" "^10.1.8"
    "@polkadot/util-crypto" "^10.1.8"
    "@polkadot/x-fetch" "^10.1.8"
    "@polkadot/x-global" "^10.1.8"
    "@polkadot/x-ws" "^10.1.8"
    "@substrate/connect" "0.7.13"
    eventemitter3 "^4.0.7"
    mock-socket "^9.1.5"
    nock "^13.2.9"

"@polkadot/types-augment@9.4.1":
  version "9.4.1"
  resolved "https://registry.yarnpkg.com/@polkadot/types-augment/-/types-augment-9.4.1.tgz#c886597daa3e2304748a6701ac6eb5043dc2bfda"
  integrity sha512-3GHoXSSUNVQF1iFJgTWoxo/VM5JLv8kJZjJR8T5mzPjqJQLa1zejkPqF7nvmJq39R/AarrNqg6R0xE6usZAtRw==
  dependencies:
    "@babel/runtime" "^7.19.0"
    "@polkadot/types" "9.4.1"
    "@polkadot/types-codec" "9.4.1"
    "@polkadot/util" "^10.1.8"

"@polkadot/types-codec@9.4.1":
  version "9.4.1"
  resolved "https://registry.yarnpkg.com/@polkadot/types-codec/-/types-codec-9.4.1.tgz#451d0d4207b3fef2141a51a1e9a8d0245236017a"
  integrity sha512-S1aFDDK4GL/9SEFYZ6ZAzCvh2QFO/mf3dbTYZLFD7JHQLcbAgTi5E6oz+hWYzsJYW5SzTDW4VdIPoAjY+28UEA==
  dependencies:
    "@babel/runtime" "^7.19.0"
    "@polkadot/util" "^10.1.8"
    "@polkadot/x-bigint" "^10.1.8"

"@polkadot/types-create@9.4.1":
  version "9.4.1"
  resolved "https://registry.yarnpkg.com/@polkadot/types-create/-/types-create-9.4.1.tgz#1889d74dfb31aa84ecaad40d5c88560c0c51cac0"
  integrity sha512-XDGrefz0L8vRl5wjEtiCK8i/kwdcMCqm8vgCmXyMOsZxWkObzK9bex/EhdM/8kMBtXn/b4uQn67ZU89dptMWXw==
  dependencies:
    "@babel/runtime" "^7.19.0"
    "@polkadot/types-codec" "9.4.1"
    "@polkadot/util" "^10.1.8"

"@polkadot/types-known@9.4.1":
  version "9.4.1"
  resolved "https://registry.yarnpkg.com/@polkadot/types-known/-/types-known-9.4.1.tgz#4b37eaf2886c437725640876d55f6d4af6308b2b"
  integrity sha512-1WE+3IEaWaxRvASa6lQgE2bbIaqyesZsArd1QAlsWbOVlV/mSPeRXgBKwF+uDpWOXojZ+oKsOEnBf23BHGdIPg==
  dependencies:
    "@babel/runtime" "^7.19.0"
    "@polkadot/networks" "^10.1.8"
    "@polkadot/types" "9.4.1"
    "@polkadot/types-codec" "9.4.1"
    "@polkadot/types-create" "9.4.1"
    "@polkadot/util" "^10.1.8"

"@polkadot/types-support@9.4.1":
  version "9.4.1"
  resolved "https://registry.yarnpkg.com/@polkadot/types-support/-/types-support-9.4.1.tgz#7ea34676a5f50d74ccecb20d0dd80176f7ec2bf9"
  integrity sha512-5udvaZU/KvEDzhDTcU8Qv9WG/3mu6nwx7m7PqDDywzUo/MAy2zI4OT6JBHcvJIk8Qm3zVQkVftohR8CbF9FeSg==
  dependencies:
    "@babel/runtime" "^7.19.0"
    "@polkadot/util" "^10.1.8"

"@polkadot/types@9.4.1":
  version "9.4.1"
  resolved "https://registry.yarnpkg.com/@polkadot/types/-/types-9.4.1.tgz#a713efdb5aa736a736ad186df82dd4c6a82ad0a6"
  integrity sha512-vUPHqlBS5neNmI+8IgJxywCL3izdCgd3SrMKWM/xlxzhGh8zfBXaGiRu1sreEk4yuNCAMMWYYDp+eqecZ6wXGA==
  dependencies:
    "@babel/runtime" "^7.19.0"
    "@polkadot/keyring" "^10.1.8"
    "@polkadot/types-augment" "9.4.1"
    "@polkadot/types-codec" "9.4.1"
    "@polkadot/types-create" "9.4.1"
    "@polkadot/util" "^10.1.8"
    "@polkadot/util-crypto" "^10.1.8"
    rxjs "^7.5.6"

"@polkadot/util-crypto@10.1.8", "@polkadot/util-crypto@^10.1.8":
  version "10.1.8"
  resolved "https://registry.yarnpkg.com/@polkadot/util-crypto/-/util-crypto-10.1.8.tgz#344bb1a1475baa66fb8feb621a79f41943904543"
  integrity sha512-9kKkYgAnBUZ1xxFeaYZUt9EdwSao2DbXMKp0WsKHTztslZllaXbj6seOqwRXqkKflXKcS66GQxaJZxRm2MyYpA==
  dependencies:
    "@babel/runtime" "^7.19.0"
    "@noble/hashes" "1.1.2"
    "@noble/secp256k1" "1.7.0"
    "@polkadot/networks" "10.1.8"
    "@polkadot/util" "10.1.8"
    "@polkadot/wasm-crypto" "^6.3.1"
    "@polkadot/x-bigint" "10.1.8"
    "@polkadot/x-randomvalues" "10.1.8"
    "@scure/base" "1.1.1"
    ed2curve "^0.3.0"
    tweetnacl "^1.0.3"

"@polkadot/util@10.1.8", "@polkadot/util@^10.1.8":
  version "10.1.8"
  resolved "https://registry.yarnpkg.com/@polkadot/util/-/util-10.1.8.tgz#8c6b9c23d4608cc020b5d5f187befa3ab585ab11"
  integrity sha512-o5v/g3r2p9MZWzw0zCEHwG0s7m1t+OhfRBWahgx8Sy5lSs15GSkLyOwIwmEx9F0yNGsV3SEgdBJA65NYND718A==
  dependencies:
    "@babel/runtime" "^7.19.0"
    "@polkadot/x-bigint" "10.1.8"
    "@polkadot/x-global" "10.1.8"
    "@polkadot/x-textdecoder" "10.1.8"
    "@polkadot/x-textencoder" "10.1.8"
    "@types/bn.js" "^5.1.1"
    bn.js "^5.2.1"

"@polkadot/wasm-bridge@6.3.1":
  version "6.3.1"
  resolved "https://registry.yarnpkg.com/@polkadot/wasm-bridge/-/wasm-bridge-6.3.1.tgz#439fa78e80947a7cb695443e1f64b25c30bb1487"
  integrity sha512-1TYkHsb9AEFhU9uZj3biEnN2yKQNzdrwSjiTvfCYnt97pnEkKsZI6cku+YPZQv5w/x9CQa5Yua9e2DVVZSivGA==
  dependencies:
    "@babel/runtime" "^7.18.9"

"@polkadot/wasm-crypto-asmjs@6.3.1":
  version "6.3.1"
  resolved "https://registry.yarnpkg.com/@polkadot/wasm-crypto-asmjs/-/wasm-crypto-asmjs-6.3.1.tgz#e8f469c9cf4a7709c8131a96f857291953f3e30a"
  integrity sha512-zbombRfA5v/mUWQQhgg2YwaxhRmxRIrvskw65x+lruax3b6xPBFDs7yplopiJU3r8h2pTgQvX/DUksvqz2TCRQ==
  dependencies:
    "@babel/runtime" "^7.18.9"

"@polkadot/wasm-crypto-init@6.3.1":
  version "6.3.1"
  resolved "https://registry.yarnpkg.com/@polkadot/wasm-crypto-init/-/wasm-crypto-init-6.3.1.tgz#b590220c53c94b9a54d5dc236d0cbe943db76706"
  integrity sha512-9yaUBcu+snwjJLmPPGl3cyGRQ1afyFGm16qzTM0sgG/ZCfUlK4uk8KWZe+sBUKgoxb2oXY7Y4WklKgQI1YBdfw==
  dependencies:
    "@babel/runtime" "^7.18.9"
    "@polkadot/wasm-bridge" "6.3.1"
    "@polkadot/wasm-crypto-asmjs" "6.3.1"
    "@polkadot/wasm-crypto-wasm" "6.3.1"

"@polkadot/wasm-crypto-wasm@6.3.1":
  version "6.3.1"
  resolved "https://registry.yarnpkg.com/@polkadot/wasm-crypto-wasm/-/wasm-crypto-wasm-6.3.1.tgz#67f720e7f9694fef096abe9d60abbac02e032383"
  integrity sha512-idSlzKGVzCfeCMRHsacRvqwojSaTadFxL/Dbls4z1thvfa3U9Ku0d2qVtlwg7Hj+tYWDiuP8Kygs+6bQwfs0XA==
  dependencies:
    "@babel/runtime" "^7.18.9"
    "@polkadot/wasm-util" "6.3.1"

"@polkadot/wasm-crypto@^6.3.1":
  version "6.3.1"
  resolved "https://registry.yarnpkg.com/@polkadot/wasm-crypto/-/wasm-crypto-6.3.1.tgz#63f5798aca2b2ff0696f190e6862d9781d8f280c"
  integrity sha512-OO8h0qeVkqp4xYZaRVl4iuWOEtq282pNBHDKb6SOJuI2g59eWGcKh4EQU9Me2VP6qzojIqptrkrVt7KQXC68gA==
  dependencies:
    "@babel/runtime" "^7.18.9"
    "@polkadot/wasm-bridge" "6.3.1"
    "@polkadot/wasm-crypto-asmjs" "6.3.1"
    "@polkadot/wasm-crypto-init" "6.3.1"
    "@polkadot/wasm-crypto-wasm" "6.3.1"
    "@polkadot/wasm-util" "6.3.1"

"@polkadot/wasm-util@6.3.1":
  version "6.3.1"
  resolved "https://registry.yarnpkg.com/@polkadot/wasm-util/-/wasm-util-6.3.1.tgz#439ebb68a436317af388ed6438b8f879df3afcda"
  integrity sha512-12oAv5J7Yoc9m6jixrSaQCxpOkWOyzHx3DMC8qmLjRiwdBWxqLmImOVRVnFsbaxqSbhBIHRuJphVxWE+GZETDg==
  dependencies:
    "@babel/runtime" "^7.18.9"

"@polkadot/x-bigint@10.1.8", "@polkadot/x-bigint@^10.1.8":
  version "10.1.8"
  resolved "https://registry.yarnpkg.com/@polkadot/x-bigint/-/x-bigint-10.1.8.tgz#25a20384976b4dd5d6fcb7afae7eaf1c11896b2e"
  integrity sha512-EsWU83RhJmTNP+tCVR6PvaEndSccN0VbBE4RVVLsAq4WVJe83bRLeqJl7doS0Qcz0vI3Y1CwYVzlUDrYNV+cQw==
  dependencies:
    "@babel/runtime" "^7.19.0"
    "@polkadot/x-global" "10.1.8"

"@polkadot/x-fetch@^10.1.8":
  version "10.1.8"
  resolved "https://registry.yarnpkg.com/@polkadot/x-fetch/-/x-fetch-10.1.8.tgz#3c271839593f1515f19d9b71a86cc448ca441c85"
  integrity sha512-rhrIiSXQII1NvU3eJP8deyGCF0b0HQDasMklQ+mbvaAaolm1FEaA3Sp9X0Em6o51NcO3Nc2O5rdAL+1itLPawg==
  dependencies:
    "@babel/runtime" "^7.19.0"
    "@polkadot/x-global" "10.1.8"
    "@types/node-fetch" "^2.6.2"
    node-fetch "^3.2.10"

"@polkadot/x-global@10.1.8", "@polkadot/x-global@^10.1.8":
  version "10.1.8"
  resolved "https://registry.yarnpkg.com/@polkadot/x-global/-/x-global-10.1.8.tgz#4843a2eef47939b612283c2a24f9df0fe321bc4f"
  integrity sha512-j5043cJj2hpcmb0xUw+RJoeGNR1qedStKAGLm26t9j0zT0CwtX+DhG6riDE6ZyzyAQkuvZk/igATgKG8TnzTxw==
  dependencies:
    "@babel/runtime" "^7.19.0"

"@polkadot/x-randomvalues@10.1.8":
  version "10.1.8"
  resolved "https://registry.yarnpkg.com/@polkadot/x-randomvalues/-/x-randomvalues-10.1.8.tgz#7da02e6aea33df22d6daafd333e9dfc4a357f265"
  integrity sha512-Hnv9RFy+MxIoLKW3JEjGXQ05C6/iLogC0d2UWNwXbCwXoSCrK0zQwqKO8mx33rwpn98rycye8gV7pN6vTNqtbQ==
  dependencies:
    "@babel/runtime" "^7.19.0"
    "@polkadot/x-global" "10.1.8"

"@polkadot/x-textdecoder@10.1.8":
  version "10.1.8"
  resolved "https://registry.yarnpkg.com/@polkadot/x-textdecoder/-/x-textdecoder-10.1.8.tgz#643723e51334253c6c4d02f202b064cb4dacceac"
  integrity sha512-Tf2rQslrwwWfQxdWNV5HRbCk0UgFd4gH+75ArKqP6Oypo7BEnY09f2zY68cjQZOeerX2TSS1RIixdRAUTey33A==
  dependencies:
    "@babel/runtime" "^7.19.0"
    "@polkadot/x-global" "10.1.8"

"@polkadot/x-textencoder@10.1.8":
  version "10.1.8"
  resolved "https://registry.yarnpkg.com/@polkadot/x-textencoder/-/x-textencoder-10.1.8.tgz#f8169d8026a86d512a9bc925317d53d132984cd1"
  integrity sha512-GKA1jdft2aQH+hdoYTrHHoqEQngpxlQ5eOHntRV5IJ33TiQDxQbTi0CxNgepAPwJ5rW9DilmPePMug/nZfKwGg==
  dependencies:
    "@babel/runtime" "^7.19.0"
    "@polkadot/x-global" "10.1.8"

"@polkadot/x-ws@^10.1.8":
  version "10.1.8"
  resolved "https://registry.yarnpkg.com/@polkadot/x-ws/-/x-ws-10.1.8.tgz#4e94fa27f1a9ad1e27296461416fe2dd8f493423"
  integrity sha512-/FRVbiT88ztOxvYs4eMXVVJKrOFogaeWurGn52iHjBxdCwe5eo1BQHQl+3dsOHdK/8V5pcNmVaKd/UJWGcuSsA==
  dependencies:
    "@babel/runtime" "^7.19.0"
    "@polkadot/x-global" "10.1.8"
    "@types/websocket" "^1.0.5"
    websocket "^1.0.34"

"@scure/base@1.1.1":
  version "1.1.1"
  resolved "https://registry.yarnpkg.com/@scure/base/-/base-1.1.1.tgz#ebb651ee52ff84f420097055f4bf46cfba403938"
  integrity sha512-ZxOhsSyxYwLJj3pLZCefNitxsj093tb2vq90mp2txoYeBqbcjDjqFhyM8eUjq/uFm6zJ+mUuqxlS2FkuSY1MTA==

"@substrate/connect-extension-protocol@^1.0.1":
  version "1.0.1"
  resolved "https://registry.yarnpkg.com/@substrate/connect-extension-protocol/-/connect-extension-protocol-1.0.1.tgz#fa5738039586c648013caa6a0c95c43265dbe77d"
  integrity sha512-161JhCC1csjH3GE5mPLEd7HbWtwNSPJBg3p1Ksz9SFlTzj/bgEwudiRN2y5i0MoLGCIJRYKyKGMxVnd29PzNjg==

"@substrate/connect@0.7.13":
  version "0.7.13"
  resolved "https://registry.yarnpkg.com/@substrate/connect/-/connect-0.7.13.tgz#b87e6e9c60a4d7c5c945142e168e413f91bf6580"
  integrity sha512-mGvvxLVVm2Zziff8SpTybeIy+jq0LN81kPqDp/bGwtxAnRctbCsERChAu4Q5HN27cCjI1iNdzSz5ihF/DP5SdQ==
  dependencies:
    "@substrate/connect-extension-protocol" "^1.0.1"
    "@substrate/smoldot-light" "0.6.33"
    eventemitter3 "^4.0.7"

"@substrate/smoldot-light@0.6.33":
  version "0.6.33"
  resolved "https://registry.yarnpkg.com/@substrate/smoldot-light/-/smoldot-light-0.6.33.tgz#887e5af3d1dada334d8d564f8cd3a93bdf7139bf"
  integrity sha512-b1bgIcd6369Xa1Y2MelBD3xmyX2FeHnjq8xS0ohy5uC6bR1v6kEkEyCbcIJE1+GlwDzlfaNxbJjwJPIv8FaRYA==
  dependencies:
    pako "^2.0.4"
    ws "^8.8.1"

"@substrate/ss58-registry@^1.29.0":
  version "1.29.0"
  resolved "https://registry.yarnpkg.com/@substrate/ss58-registry/-/ss58-registry-1.29.0.tgz#0dea078271b5318c5eff7176e1df1f9b2c27e43f"
  integrity sha512-KTqwZgTjtWPhCAUJJx9qswP/p9cRKUU9GOHYUDKNdISFDiFafWmpI54JHfYLkgjvkSKEUgRZnvLpe0LMF1fXvw==

"@tsconfig/node10@^1.0.7":
  version "1.0.9"
  resolved "https://registry.yarnpkg.com/@tsconfig/node10/-/node10-1.0.9.tgz#df4907fc07a886922637b15e02d4cebc4c0021b2"
  integrity sha512-jNsYVVxU8v5g43Erja32laIDHXeoNvFEpX33OK4d6hljo3jDhCBDhx5dhCCTMWUojscpAagGiRkBKxpdl9fxqA==

"@tsconfig/node12@^1.0.7":
  version "1.0.11"
  resolved "https://registry.yarnpkg.com/@tsconfig/node12/-/node12-1.0.11.tgz#ee3def1f27d9ed66dac6e46a295cffb0152e058d"
  integrity sha512-cqefuRsh12pWyGsIoBKJA9luFu3mRxCA+ORZvA4ktLSzIuCUtWVxGIuXigEwO5/ywWFMZ2QEGKWvkZG1zDMTag==

"@tsconfig/node14@^1.0.0":
  version "1.0.3"
  resolved "https://registry.yarnpkg.com/@tsconfig/node14/-/node14-1.0.3.tgz#e4386316284f00b98435bf40f72f75a09dabf6c1"
  integrity sha512-ysT8mhdixWK6Hw3i1V2AeRqZ5WfXg1G43mqoYlM2nc6388Fq5jcXyr5mRsqViLx/GJYdoL0bfXD8nmF+Zn/Iow==

"@tsconfig/node16@^1.0.2":
  version "1.0.3"
  resolved "https://registry.yarnpkg.com/@tsconfig/node16/-/node16-1.0.3.tgz#472eaab5f15c1ffdd7f8628bd4c4f753995ec79e"
  integrity sha512-yOlFc+7UtL/89t2ZhjPvvB/DeAr3r+Dq58IgzsFkOAvVC6NMJXmCGjbptdXdR9qsX7pKcTL+s87FtYREi2dEEQ==

"@types/bn.js@^5.1.1":
  version "5.1.1"
  resolved "https://registry.yarnpkg.com/@types/bn.js/-/bn.js-5.1.1.tgz#b51e1b55920a4ca26e9285ff79936bbdec910682"
  integrity sha512-qNrYbZqMx0uJAfKnKclPh+dTwK33KfLHYqtyODwd5HnXOjnkhc4qgn3BrK6RWyGZm5+sIFE7Q7Vz6QQtJB7w7g==
  dependencies:
    "@types/node" "*"

"@types/node-fetch@^2.6.2":
  version "2.6.2"
  resolved "https://registry.yarnpkg.com/@types/node-fetch/-/node-fetch-2.6.2.tgz#d1a9c5fd049d9415dce61571557104dec3ec81da"
  integrity sha512-DHqhlq5jeESLy19TYhLakJ07kNumXWjcDdxXsLUMJZ6ue8VZJj4kLPQVE/2mdHh3xZziNF1xppu5lwmS53HR+A==
  dependencies:
    "@types/node" "*"
    form-data "^3.0.0"

"@types/node@*", "@types/node@^18.7.18":
  version "18.7.18"
  resolved "https://registry.yarnpkg.com/@types/node/-/node-18.7.18.tgz#633184f55c322e4fb08612307c274ee6d5ed3154"
  integrity sha512-m+6nTEOadJZuTPkKR/SYK3A2d7FZrgElol9UP1Kae90VVU4a6mxnPuLiIW1m4Cq4gZ/nWb9GrdVXJCoCazDAbg==

"@types/websocket@^1.0.5":
  version "1.0.5"
  resolved "https://registry.yarnpkg.com/@types/websocket/-/websocket-1.0.5.tgz#3fb80ed8e07f88e51961211cd3682a3a4a81569c"
  integrity sha512-NbsqiNX9CnEfC1Z0Vf4mE1SgAJ07JnRYcNex7AJ9zAVzmiGHmjKFEk7O4TJIsgv2B1sLEb6owKFZrACwdYngsQ==
  dependencies:
    "@types/node" "*"

acorn-walk@^8.1.1:
  version "8.2.0"
  resolved "https://registry.yarnpkg.com/acorn-walk/-/acorn-walk-8.2.0.tgz#741210f2e2426454508853a2f44d0ab83b7f69c1"
  integrity sha512-k+iyHEuPgSw6SbuDpGQM+06HQUa04DZ3o+F6CSzXMvvI5KMvnaEqXe+YVe555R9nn6GPt404fos4wcgpw12SDA==

acorn@^8.4.1:
  version "8.8.0"
  resolved "https://registry.yarnpkg.com/acorn/-/acorn-8.8.0.tgz#88c0187620435c7f6015803f5539dae05a9dbea8"
  integrity sha512-QOxyigPVrpZ2GXT+PFyZTl6TtOFc5egxHIP9IlQ+RbupQuX4RkT/Bee4/kQuC02Xkzg84JcT7oLYtDIQxp+v7w==

arg@^4.1.0:
  version "4.1.3"
  resolved "https://registry.yarnpkg.com/arg/-/arg-4.1.3.tgz#269fc7ad5b8e42cb63c896d5666017261c144089"
  integrity sha512-58S9QDqG0Xx27YwPSt9fJxivjYl432YCwfDMfZ+71RAqUrZef7LrKQZ3LHLOwCS4FLNBplP533Zx895SeOCHvA==

asynckit@^0.4.0:
  version "0.4.0"
  resolved "https://registry.yarnpkg.com/asynckit/-/asynckit-0.4.0.tgz#c79ed97f7f34cb8f2ba1bc9790bcc366474b4b79"
  integrity sha512-Oei9OH4tRh0YqU3GxhX79dM/mwVgvbZJaSNaRk+bshkj0S5cfHcgYakreBjrHwatXKbz+IoIdYLxrKim2MjW0Q==

bn.js@^5.2.1:
  version "5.2.1"
  resolved "https://registry.yarnpkg.com/bn.js/-/bn.js-5.2.1.tgz#0bc527a6a0d18d0aa8d5b0538ce4a77dccfa7b70"
  integrity sha512-eXRvHzWyYPBuB4NBy0cmYQjGitUrtqwbvlzP3G6VFnNRbsZQIxQ10PbKKHt8gZ/HW/D/747aDl+QkDqg3KQLMQ==

bufferutil@^4.0.1:
  version "4.0.6"
  resolved "https://registry.yarnpkg.com/bufferutil/-/bufferutil-4.0.6.tgz#ebd6c67c7922a0e902f053e5d8be5ec850e48433"
  integrity sha512-jduaYOYtnio4aIAyc6UbvPCVcgq7nYpVnucyxr6eCYg/Woad9Hf/oxxBRDnGGjPfjUm6j5O/uBWhIu4iLebFaw==
  dependencies:
    node-gyp-build "^4.3.0"

combined-stream@^1.0.8:
  version "1.0.8"
  resolved "https://registry.yarnpkg.com/combined-stream/-/combined-stream-1.0.8.tgz#c3d45a8b34fd730631a110a8a2520682b31d5a7f"
  integrity sha512-FQN4MRfuJeHf7cBbBMJFXhKSDq+2kAArBlmRBvcvFE5BB1HZKXtSFASDhdlz9zOYwxh8lDdnvmMOe/+5cdoEdg==
  dependencies:
    delayed-stream "~1.0.0"

create-require@^1.1.0:
  version "1.1.1"
  resolved "https://registry.yarnpkg.com/create-require/-/create-require-1.1.1.tgz#c1d7e8f1e5f6cfc9ff65f9cd352d37348756c333"
  integrity sha512-dcKFX3jn0MpIaXjisoRvexIJVEKzaq7z2rZKxf+MSr9TkdmHmsU4m2lcLojrj/FHl8mk5VxMmYA+ftRkP/3oKQ==

d@1, d@^1.0.1:
  version "1.0.1"
  resolved "https://registry.yarnpkg.com/d/-/d-1.0.1.tgz#8698095372d58dbee346ffd0c7093f99f8f9eb5a"
  integrity sha512-m62ShEObQ39CfralilEQRjH6oAMtNCV1xJyEx5LpRYUVN+EviphDgUc/F3hnYbADmkiNs67Y+3ylmlG7Lnu+FA==
  dependencies:
    es5-ext "^0.10.50"
    type "^1.0.1"

data-uri-to-buffer@^4.0.0:
  version "4.0.0"
  resolved "https://registry.yarnpkg.com/data-uri-to-buffer/-/data-uri-to-buffer-4.0.0.tgz#b5db46aea50f6176428ac05b73be39a57701a64b"
  integrity sha512-Vr3mLBA8qWmcuschSLAOogKgQ/Jwxulv3RNE4FXnYWRGujzrRWQI4m12fQqRkwX06C0KanhLr4hK+GydchZsaA==

debug@^2.2.0:
  version "2.6.9"
  resolved "https://registry.yarnpkg.com/debug/-/debug-2.6.9.tgz#5d128515df134ff327e90a4c93f4e077a536341f"
  integrity sha512-bC7ElrdJaJnPbAP+1EotYvqZsb3ecl5wi6Bfi6BJTUcNowp6cvspg0jXznRTKDjm/E7AdgFBVeAPVMNcKGsHMA==
  dependencies:
    ms "2.0.0"

debug@^4.1.0:
  version "4.3.4"
  resolved "https://registry.yarnpkg.com/debug/-/debug-4.3.4.tgz#1319f6579357f2338d3337d2cdd4914bb5dcc865"
  integrity sha512-PRWFHuSU3eDtQJPvnNY7Jcket1j0t5OuOsFzPPzsekD52Zl8qUfFIPEiswXqIvHWGVHOgX+7G/vCNNhehwxfkQ==
  dependencies:
    ms "2.1.2"

delayed-stream@~1.0.0:
  version "1.0.0"
  resolved "https://registry.yarnpkg.com/delayed-stream/-/delayed-stream-1.0.0.tgz#df3ae199acadfb7d440aaae0b29e2272b24ec619"
  integrity sha512-ZySD7Nf91aLB0RxL4KGrKHBXl7Eds1DAmEdcoVawXnLD7SDhpNgtuII2aAkg7a7QS41jxPSZ17p4VdGnMHk3MQ==

diff@^4.0.1:
  version "4.0.2"
  resolved "https://registry.yarnpkg.com/diff/-/diff-4.0.2.tgz#60f3aecb89d5fae520c11aa19efc2bb982aade7d"
  integrity sha512-58lmxKSA4BNyLz+HHMUzlOEpg09FV+ev6ZMe3vJihgdxzgcwZ8VoEEPmALCZG9LmqfVoNMMKpttIYTVG6uDY7A==

dotenv@^16.0.3:
  version "16.0.3"
  resolved "https://registry.yarnpkg.com/dotenv/-/dotenv-16.0.3.tgz#115aec42bac5053db3c456db30cc243a5a836a07"
  integrity sha512-7GO6HghkA5fYG9TYnNxi14/7K9f5occMlp3zXAuSxn7CKCxt9xbNWG7yF8hTCSUchlfWSe3uLmlPfigevRItzQ==

ed2curve@^0.3.0:
  version "0.3.0"
  resolved "https://registry.yarnpkg.com/ed2curve/-/ed2curve-0.3.0.tgz#322b575152a45305429d546b071823a93129a05d"
  integrity sha512-8w2fmmq3hv9rCrcI7g9hms2pMunQr1JINfcjwR9tAyZqhtyaMN991lF/ZfHfr5tzZQ8c7y7aBgZbjfbd0fjFwQ==
  dependencies:
    tweetnacl "1.x.x"

es5-ext@^0.10.35, es5-ext@^0.10.50:
  version "0.10.62"
  resolved "https://registry.yarnpkg.com/es5-ext/-/es5-ext-0.10.62.tgz#5e6adc19a6da524bf3d1e02bbc8960e5eb49a9a5"
  integrity sha512-BHLqn0klhEpnOKSrzn/Xsz2UIW8j+cGmo9JLzr8BiUapV8hPL9+FliFqjwr9ngW7jWdnxv6eO+/LqyhJVqgrjA==
  dependencies:
    es6-iterator "^2.0.3"
    es6-symbol "^3.1.3"
    next-tick "^1.1.0"

es6-iterator@^2.0.3:
  version "2.0.3"
  resolved "https://registry.yarnpkg.com/es6-iterator/-/es6-iterator-2.0.3.tgz#a7de889141a05a94b0854403b2d0a0fbfa98f3b7"
  integrity sha512-zw4SRzoUkd+cl+ZoE15A9o1oQd920Bb0iOJMQkQhl3jNc03YqVjAhG7scf9C5KWRU/R13Orf588uCC6525o02g==
  dependencies:
    d "1"
    es5-ext "^0.10.35"
    es6-symbol "^3.1.1"

es6-symbol@^3.1.1, es6-symbol@^3.1.3:
  version "3.1.3"
  resolved "https://registry.yarnpkg.com/es6-symbol/-/es6-symbol-3.1.3.tgz#bad5d3c1bcdac28269f4cb331e431c78ac705d18"
  integrity sha512-NJ6Yn3FuDinBaBRWl/q5X/s4koRHBrgKAu+yGI6JCBeiu3qrcbJhwT2GeR/EXVfylRk8dpQVJoLEFhK+Mu31NA==
  dependencies:
    d "^1.0.1"
    ext "^1.1.2"

eventemitter3@^4.0.7:
  version "4.0.7"
  resolved "https://registry.yarnpkg.com/eventemitter3/-/eventemitter3-4.0.7.tgz#2de9b68f6528d5644ef5c59526a1b4a07306169f"
  integrity sha512-8guHBZCwKnFhYdHr2ysuRWErTwhoN2X8XELRlrRwpmfeY2jjuUN4taQMsULKUVo1K4DvZl+0pgfyoysHxvmvEw==

ext@^1.1.2:
  version "1.7.0"
  resolved "https://registry.yarnpkg.com/ext/-/ext-1.7.0.tgz#0ea4383c0103d60e70be99e9a7f11027a33c4f5f"
  integrity sha512-6hxeJYaL110a9b5TEJSj0gojyHQAmA2ch5Os+ySCiA1QGdS697XWY1pzsrSjqA9LDEEgdB/KypIlR59RcLuHYw==
  dependencies:
    type "^2.7.2"

fetch-blob@^3.1.2, fetch-blob@^3.1.4:
  version "3.2.0"
  resolved "https://registry.yarnpkg.com/fetch-blob/-/fetch-blob-3.2.0.tgz#f09b8d4bbd45adc6f0c20b7e787e793e309dcce9"
  integrity sha512-7yAQpD2UMJzLi1Dqv7qFYnPbaPx7ZfFK6PiIxQ4PfkGPyNyl2Ugx+a/umUonmKqjhM4DnfbMvdX6otXq83soQQ==
  dependencies:
    node-domexception "^1.0.0"
    web-streams-polyfill "^3.0.3"

form-data@^3.0.0:
  version "3.0.1"
  resolved "https://registry.yarnpkg.com/form-data/-/form-data-3.0.1.tgz#ebd53791b78356a99af9a300d4282c4d5eb9755f"
  integrity sha512-RHkBKtLWUVwd7SqRIvCZMEvAMoGUp0XU+seQiZejj0COz3RI3hWP4sCv3gZWWLjJTd7rGwcsF5eKZGii0r/hbg==
  dependencies:
    asynckit "^0.4.0"
    combined-stream "^1.0.8"
    mime-types "^2.1.12"

formdata-polyfill@^4.0.10:
  version "4.0.10"
  resolved "https://registry.yarnpkg.com/formdata-polyfill/-/formdata-polyfill-4.0.10.tgz#24807c31c9d402e002ab3d8c720144ceb8848423"
  integrity sha512-buewHzMvYL29jdeQTVILecSaZKnt/RJWjoZCF5OW60Z67/GmSLBkOFM7qh1PI3zFNtJbaZL5eQu1vLfazOwj4g==
  dependencies:
    fetch-blob "^3.1.2"

is-typedarray@^1.0.0:
  version "1.0.0"
  resolved "https://registry.yarnpkg.com/is-typedarray/-/is-typedarray-1.0.0.tgz#e479c80858df0c1b11ddda6940f96011fcda4a9a"
  integrity sha512-cyA56iCMHAh5CdzjJIa4aohJyeO1YbwLi3Jc35MmRU6poroFjIGZzUzupGiRPOjgHg9TLu43xbpwXk523fMxKA==

json-stringify-safe@^5.0.1:
  version "5.0.1"
  resolved "https://registry.yarnpkg.com/json-stringify-safe/-/json-stringify-safe-5.0.1.tgz#1296a2d58fd45f19a0f6ce01d65701e2c735b6eb"
  integrity sha512-ZClg6AaYvamvYEE82d3Iyd3vSSIjQ+odgjaTzRuO3s7toCdFKczob2i0zCh7JE8kWn17yvAWhUVxvqGwUalsRA==

lodash@^4.17.21:
  version "4.17.21"
  resolved "https://registry.yarnpkg.com/lodash/-/lodash-4.17.21.tgz#679591c564c3bffaae8454cf0b3df370c3d6911c"
  integrity sha512-v2kDEe57lecTulaDIuNTPy3Ry4gLGJ6Z1O3vE1krgXZNrsQ+LFTGHVxVjcXPs17LhbZVGedAJv8XZ1tvj5FvSg==

make-error@^1.1.1:
  version "1.3.6"
  resolved "https://registry.yarnpkg.com/make-error/-/make-error-1.3.6.tgz#2eb2e37ea9b67c4891f684a1394799af484cf7a2"
  integrity sha512-s8UhlNe7vPKomQhC1qFelMokr/Sc3AgNbso3n74mVPA5LTZwkB9NlXf4XPamLxJE8h0gh73rM94xvwRT2CVInw==

mime-db@1.52.0:
  version "1.52.0"
  resolved "https://registry.yarnpkg.com/mime-db/-/mime-db-1.52.0.tgz#bbabcdc02859f4987301c856e3387ce5ec43bf70"
  integrity sha512-sPU4uV7dYlvtWJxwwxHD0PuihVNiE7TyAbQ5SWxDCB9mUYvOgroQOwYQQOKPJ8CIbE+1ETVlOoK1UC2nU3gYvg==

mime-types@^2.1.12:
  version "2.1.35"
  resolved "https://registry.yarnpkg.com/mime-types/-/mime-types-2.1.35.tgz#381a871b62a734450660ae3deee44813f70d959a"
  integrity sha512-ZDY+bPm5zTTF+YpCrAU9nK0UgICYPT0QtT1NZWFv4s++TNkcgVaT0g6+4R2uI4MjQjzysHB1zxuWL50hzaeXiw==
  dependencies:
    mime-db "1.52.0"

mock-socket@^9.1.5:
  version "9.1.5"
  resolved "https://registry.yarnpkg.com/mock-socket/-/mock-socket-9.1.5.tgz#2c4e44922ad556843b6dfe09d14ed8041fa2cdeb"
  integrity sha512-3DeNIcsQixWHHKk6NdoBhWI4t1VMj5/HzfnI1rE/pLl5qKx7+gd4DNA07ehTaZ6MoUU053si6Hd+YtiM/tQZfg==

ms@2.0.0:
  version "2.0.0"
  resolved "https://registry.yarnpkg.com/ms/-/ms-2.0.0.tgz#5608aeadfc00be6c2901df5f9861788de0d597c8"
  integrity sha512-Tpp60P6IUJDTuOq/5Z8cdskzJujfwqfOTkrwIwj7IRISpnkJnT6SyJ4PCPnGMoFjC9ddhal5KVIYtAt97ix05A==

ms@2.1.2:
  version "2.1.2"
  resolved "https://registry.yarnpkg.com/ms/-/ms-2.1.2.tgz#d09d1f357b443f493382a8eb3ccd183872ae6009"
  integrity sha512-sGkPx+VjMtmA6MX27oA4FBFELFCZZ4S4XqeGOXCv68tT+jb3vk/RyaKWP0PTKyWtmLSM0b+adUTEvbs1PEaH2w==

next-tick@^1.1.0:
  version "1.1.0"
  resolved "https://registry.yarnpkg.com/next-tick/-/next-tick-1.1.0.tgz#1836ee30ad56d67ef281b22bd199f709449b35eb"
  integrity sha512-CXdUiJembsNjuToQvxayPZF9Vqht7hewsvy2sOWafLvi2awflj9mOC6bHIg50orX8IJvWKY9wYQ/zB2kogPslQ==

nock@^13.2.9:
  version "13.2.9"
  resolved "https://registry.yarnpkg.com/nock/-/nock-13.2.9.tgz#4faf6c28175d36044da4cfa68e33e5a15086ad4c"
  integrity sha512-1+XfJNYF1cjGB+TKMWi29eZ0b82QOvQs2YoLNzbpWGqFMtRQHTa57osqdGj4FrFPgkO4D4AZinzUJR9VvW3QUA==
  dependencies:
    debug "^4.1.0"
    json-stringify-safe "^5.0.1"
    lodash "^4.17.21"
    propagate "^2.0.0"

node-domexception@^1.0.0:
  version "1.0.0"
  resolved "https://registry.yarnpkg.com/node-domexception/-/node-domexception-1.0.0.tgz#6888db46a1f71c0b76b3f7555016b63fe64766e5"
  integrity sha512-/jKZoMpw0F8GRwl4/eLROPA3cfcXtLApP0QzLmUT/HuPCZWyB7IY9ZrMeKw2O/nFIqPQB3PVM9aYm0F312AXDQ==

node-fetch@^3.2.10:
  version "3.2.10"
  resolved "https://registry.yarnpkg.com/node-fetch/-/node-fetch-3.2.10.tgz#e8347f94b54ae18b57c9c049ef641cef398a85c8"
  integrity sha512-MhuzNwdURnZ1Cp4XTazr69K0BTizsBroX7Zx3UgDSVcZYKF/6p0CBe4EUb/hLqmzVhl0UpYfgRljQ4yxE+iCxA==
  dependencies:
    data-uri-to-buffer "^4.0.0"
    fetch-blob "^3.1.4"
    formdata-polyfill "^4.0.10"

node-gyp-build@^4.3.0:
  version "4.5.0"
  resolved "https://registry.yarnpkg.com/node-gyp-build/-/node-gyp-build-4.5.0.tgz#7a64eefa0b21112f89f58379da128ac177f20e40"
  integrity sha512-2iGbaQBV+ITgCz76ZEjmhUKAKVf7xfY1sRl4UiKQspfZMH2h06SyhNsnSVy50cwkFQDGLyif6m/6uFXHkOZ6rg==

pako@^2.0.4:
  version "2.0.4"
  resolved "https://registry.yarnpkg.com/pako/-/pako-2.0.4.tgz#6cebc4bbb0b6c73b0d5b8d7e8476e2b2fbea576d"
  integrity sha512-v8tweI900AUkZN6heMU/4Uy4cXRc2AYNRggVmTR+dEncawDJgCdLMximOVA2p4qO57WMynangsfGRb5WD6L1Bg==

prettier@^2.7.1:
  version "2.7.1"
  resolved "https://registry.yarnpkg.com/prettier/-/prettier-2.7.1.tgz#e235806850d057f97bb08368a4f7d899f7760c64"
  integrity sha512-ujppO+MkdPqoVINuDFDRLClm7D78qbDt0/NR+wp5FqEZOoTNAjPHWj17QRhu7geIHJfcNhRk1XVQmF8Bp3ye+g==

propagate@^2.0.0:
  version "2.0.1"
  resolved "https://registry.yarnpkg.com/propagate/-/propagate-2.0.1.tgz#40cdedab18085c792334e64f0ac17256d38f9a45"
  integrity sha512-vGrhOavPSTz4QVNuBNdcNXePNdNMaO1xj9yBeH1ScQPjk/rhg9sSlCXPhMkFuaNNW/syTvYqsnbIJxMBfRbbag==

regenerator-runtime@^0.13.4:
  version "0.13.9"
  resolved "https://registry.yarnpkg.com/regenerator-runtime/-/regenerator-runtime-0.13.9.tgz#8925742a98ffd90814988d7566ad30ca3b263b52"
  integrity sha512-p3VT+cOEgxFsRRA9X4lkI1E+k2/CtnKtU4gcxyaCUreilL/vqI6CdZ3wxVUx3UOUg+gnUOQQcRI7BmSI656MYA==

rxjs@^7.5.6:
  version "7.5.6"
  resolved "https://registry.yarnpkg.com/rxjs/-/rxjs-7.5.6.tgz#0446577557862afd6903517ce7cae79ecb9662bc"
  integrity sha512-dnyv2/YsXhnm461G+R/Pe5bWP41Nm6LBXEYWI6eiFP4fiwx6WRI/CD0zbdVAudd9xwLEF2IDcKXLHit0FYjUzw==
  dependencies:
    tslib "^2.1.0"

ts-node@^10.9.1:
  version "10.9.1"
  resolved "https://registry.yarnpkg.com/ts-node/-/ts-node-10.9.1.tgz#e73de9102958af9e1f0b168a6ff320e25adcff4b"
  integrity sha512-NtVysVPkxxrwFGUUxGYhfux8k78pQB3JqYBXlLRZgdGUqTO5wU/UyHop5p70iEbGhB7q5KmiZiU0Y3KlJrScEw==
  dependencies:
    "@cspotcode/source-map-support" "^0.8.0"
    "@tsconfig/node10" "^1.0.7"
    "@tsconfig/node12" "^1.0.7"
    "@tsconfig/node14" "^1.0.0"
    "@tsconfig/node16" "^1.0.2"
    acorn "^8.4.1"
    acorn-walk "^8.1.1"
    arg "^4.1.0"
    create-require "^1.1.0"
    diff "^4.0.1"
    make-error "^1.1.1"
    v8-compile-cache-lib "^3.0.1"
    yn "3.1.1"

tslib@^2.1.0:
  version "2.4.0"
  resolved "https://registry.yarnpkg.com/tslib/-/tslib-2.4.0.tgz#7cecaa7f073ce680a05847aa77be941098f36dc3"
  integrity sha512-d6xOpEDfsi2CZVlPQzGeux8XMwLT9hssAsaPYExaQMuYskwb+x1x7J371tWlbBdWHroy99KnVB6qIkUbs5X3UQ==

tweetnacl@1.x.x, tweetnacl@^1.0.3:
  version "1.0.3"
  resolved "https://registry.yarnpkg.com/tweetnacl/-/tweetnacl-1.0.3.tgz#ac0af71680458d8a6378d0d0d050ab1407d35596"
  integrity sha512-6rt+RN7aOi1nGMyC4Xa5DdYiukl2UWCbcJft7YhxReBGQD7OAM8Pbxw6YMo4r2diNEA8FEmu32YOn9rhaiE5yw==

type@^1.0.1:
  version "1.2.0"
  resolved "https://registry.yarnpkg.com/type/-/type-1.2.0.tgz#848dd7698dafa3e54a6c479e759c4bc3f18847a0"
  integrity sha512-+5nt5AAniqsCnu2cEQQdpzCAh33kVx8n0VoFidKpB1dVVLAN/F+bgVOqOJqOnEnrhp222clB5p3vUlD+1QAnfg==

type@^2.7.2:
  version "2.7.2"
  resolved "https://registry.yarnpkg.com/type/-/type-2.7.2.tgz#2376a15a3a28b1efa0f5350dcf72d24df6ef98d0"
  integrity sha512-dzlvlNlt6AXU7EBSfpAscydQ7gXB+pPGsPnfJnZpiNJBDj7IaJzQlBZYGdEi4R9HmPdBv2XmWJ6YUtoTa7lmCw==

typedarray-to-buffer@^3.1.5:
  version "3.1.5"
  resolved "https://registry.yarnpkg.com/typedarray-to-buffer/-/typedarray-to-buffer-3.1.5.tgz#a97ee7a9ff42691b9f783ff1bc5112fe3fca9080"
  integrity sha512-zdu8XMNEDepKKR+XYOXAVPtWui0ly0NtohUscw+UmaHiAWT8hrV1rr//H6V+0DvJ3OQ19S979M0laLfX8rm82Q==
  dependencies:
    is-typedarray "^1.0.0"

typescript@^4.8.3:
  version "4.8.3"
  resolved "https://registry.yarnpkg.com/typescript/-/typescript-4.8.3.tgz#d59344522c4bc464a65a730ac695007fdb66dd88"
  integrity sha512-goMHfm00nWPa8UvR/CPSvykqf6dVV8x/dp0c5mFTMTIu0u0FlGWRioyy7Nn0PGAdHxpJZnuO/ut+PpQ8UiHAig==

utf-8-validate@^5.0.2:
  version "5.0.9"
  resolved "https://registry.yarnpkg.com/utf-8-validate/-/utf-8-validate-5.0.9.tgz#ba16a822fbeedff1a58918f2a6a6b36387493ea3"
  integrity sha512-Yek7dAy0v3Kl0orwMlvi7TPtiCNrdfHNd7Gcc/pLq4BLXqfAmd0J7OWMizUQnTTJsyjKn02mU7anqwfmUP4J8Q==
  dependencies:
    node-gyp-build "^4.3.0"

v8-compile-cache-lib@^3.0.1:
  version "3.0.1"
  resolved "https://registry.yarnpkg.com/v8-compile-cache-lib/-/v8-compile-cache-lib-3.0.1.tgz#6336e8d71965cb3d35a1bbb7868445a7c05264bf"
  integrity sha512-wa7YjyUGfNZngI/vtK0UHAN+lgDCxBPCylVXGp0zu59Fz5aiGtNXaq3DhIov063MorB+VfufLh3JlF2KdTK3xg==

web-streams-polyfill@^3.0.3:
  version "3.2.1"
  resolved "https://registry.yarnpkg.com/web-streams-polyfill/-/web-streams-polyfill-3.2.1.tgz#71c2718c52b45fd49dbeee88634b3a60ceab42a6"
  integrity sha512-e0MO3wdXWKrLbL0DgGnUV7WHVuw9OUvL4hjgnPkIeEvESk74gAITi5G606JtZPp39cd8HA9VQzCIvA49LpPN5Q==

websocket@^1.0.34:
  version "1.0.34"
  resolved "https://registry.yarnpkg.com/websocket/-/websocket-1.0.34.tgz#2bdc2602c08bf2c82253b730655c0ef7dcab3111"
  integrity sha512-PRDso2sGwF6kM75QykIesBijKSVceR6jL2G8NGYyq2XrItNC2P5/qL5XeR056GhA+Ly7JMFvJb9I312mJfmqnQ==
  dependencies:
    bufferutil "^4.0.1"
    debug "^2.2.0"
    es5-ext "^0.10.50"
    typedarray-to-buffer "^3.1.5"
    utf-8-validate "^5.0.2"
    yaeti "^0.0.6"

ws@^8.8.1:
  version "8.8.1"
  resolved "https://registry.yarnpkg.com/ws/-/ws-8.8.1.tgz#5dbad0feb7ade8ecc99b830c1d77c913d4955ff0"
  integrity sha512-bGy2JzvzkPowEJV++hF07hAD6niYSr0JzBNo/J29WsB57A2r7Wlc1UFcTR9IzrPvuNVO4B8LGqF8qcpsVOhJCA==

yaeti@^0.0.6:
  version "0.0.6"
  resolved "https://registry.yarnpkg.com/yaeti/-/yaeti-0.0.6.tgz#f26f484d72684cf42bedfb76970aa1608fbf9577"
  integrity sha512-MvQa//+KcZCUkBTIC9blM+CU9J2GzuTytsOUwf2lidtvkx/6gnEp1QvJv34t9vdjhFmha/mUiNDbN0D0mJWdug==

yn@3.1.1:
  version "3.1.1"
  resolved "https://registry.yarnpkg.com/yn/-/yn-3.1.1.tgz#1e87401a09d767c1d5eab26a6e4c185182d2eb50"
  integrity sha512-Ux4ygGWsu2c7isFWe8Yu1YluJmqVhxqK2cLXNQA5AcC3QfbGNpM7fu0Y8b/z16pXLnFxZYvWhd3fhBY9DLmC6Q==
